// !$*UTF8*$!
{
	archiveVersion = 1;
	classes = {
	};
	objectVersion = 48;
	objects = {

/* Begin PBXBuildFile section */
		1878306A8641A411BE181BD2 /* Pods_GitHubSearch.framework in Frameworks */ = {isa = PBXBuildFile; fileRef = 8DEF0323CAFB035E8E567672 /* Pods_GitHubSearch.framework */; };
		3B15F427206FDC28008BF1F2 /* UserDetailsViewModel.swift in Sources */ = {isa = PBXBuildFile; fileRef = 3B15F426206FDC28008BF1F2 /* UserDetailsViewModel.swift */; };
		3B15F42A206FDF27008BF1F2 /* UserDetails.swift in Sources */ = {isa = PBXBuildFile; fileRef = 3B15F429206FDF27008BF1F2 /* UserDetails.swift */; };
		3B15F42D206FE62A008BF1F2 /* UserDetailsViewController.swift in Sources */ = {isa = PBXBuildFile; fileRef = 3B15F42C206FE62A008BF1F2 /* UserDetailsViewController.swift */; };
		3B88EC8720723B4400C6D621 /* TableViewEmptyView.swift in Sources */ = {isa = PBXBuildFile; fileRef = 3B88EC8620723B4400C6D621 /* TableViewEmptyView.swift */; };
		3B88EC8820723B4400C6D621 /* TableViewEmptyView.swift in Sources */ = {isa = PBXBuildFile; fileRef = 3B88EC8620723B4400C6D621 /* TableViewEmptyView.swift */; };
		3B88EC8920723B4400C6D621 /* TableViewEmptyView.swift in Sources */ = {isa = PBXBuildFile; fileRef = 3B88EC8620723B4400C6D621 /* TableViewEmptyView.swift */; };
		3B88EC8A20723B4400C6D621 /* TableViewEmptyView.swift in Sources */ = {isa = PBXBuildFile; fileRef = 3B88EC8620723B4400C6D621 /* TableViewEmptyView.swift */; };
		3BA97E2120715A5D00B28154 /* MockNetworkManager.swift in Sources */ = {isa = PBXBuildFile; fileRef = 3BA97E2020715A5D00B28154 /* MockNetworkManager.swift */; };
		3BA97E26207161DC00B28154 /* MockTableViewViewModel.swift in Sources */ = {isa = PBXBuildFile; fileRef = 3BA97E25207161DC00B28154 /* MockTableViewViewModel.swift */; };
		3BA97E45207169DD00B28154 /* MockUserDetailsViewModel.swift in Sources */ = {isa = PBXBuildFile; fileRef = 3BA97E44207169DD00B28154 /* MockUserDetailsViewModel.swift */; };
		3BA97E7C2071706900B28154 /* GitHubSearchApiCallsTests.swift in Sources */ = {isa = PBXBuildFile; fileRef = 3BA97E7B2071706900B28154 /* GitHubSearchApiCallsTests.swift */; };
		3BA97E8A2071709500B28154 /* GitHubSearchViewControllerTests.swift in Sources */ = {isa = PBXBuildFile; fileRef = 3BA97E892071709500B28154 /* GitHubSearchViewControllerTests.swift */; };
		3BA97E98207170B700B28154 /* GitHubSearchUserDetailsViewControllerTests.swift in Sources */ = {isa = PBXBuildFile; fileRef = 3BA97E97207170B700B28154 /* GitHubSearchUserDetailsViewControllerTests.swift */; };
		3BA97E9F2071718900B28154 /* MockNetworkManager.swift in Sources */ = {isa = PBXBuildFile; fileRef = 3BA97E2020715A5D00B28154 /* MockNetworkManager.swift */; };
		3BA97EA02071718900B28154 /* MockNetworkManager.swift in Sources */ = {isa = PBXBuildFile; fileRef = 3BA97E2020715A5D00B28154 /* MockNetworkManager.swift */; };
		3BA97EA12071718A00B28154 /* MockNetworkManager.swift in Sources */ = {isa = PBXBuildFile; fileRef = 3BA97E2020715A5D00B28154 /* MockNetworkManager.swift */; };
		3BA97EA22071718E00B28154 /* NetworkManager.swift in Sources */ = {isa = PBXBuildFile; fileRef = 3BB9B6D7206ECB6B008431F2 /* NetworkManager.swift */; };
		3BA97EA42071718F00B28154 /* NetworkManager.swift in Sources */ = {isa = PBXBuildFile; fileRef = 3BB9B6D7206ECB6B008431F2 /* NetworkManager.swift */; };
		3BA97EA52071718F00B28154 /* NetworkManager.swift in Sources */ = {isa = PBXBuildFile; fileRef = 3BB9B6D7206ECB6B008431F2 /* NetworkManager.swift */; };
		3BA97EA62071719200B28154 /* Endpoints.swift in Sources */ = {isa = PBXBuildFile; fileRef = 3BB9B6DA206ECB81008431F2 /* Endpoints.swift */; };
		3BA97EA72071719300B28154 /* Endpoints.swift in Sources */ = {isa = PBXBuildFile; fileRef = 3BB9B6DA206ECB81008431F2 /* Endpoints.swift */; };
		3BA97EA82071719300B28154 /* Endpoints.swift in Sources */ = {isa = PBXBuildFile; fileRef = 3BB9B6DA206ECB81008431F2 /* Endpoints.swift */; };
		3BA97EA92071719500B28154 /* TableViewCell.swift in Sources */ = {isa = PBXBuildFile; fileRef = 3BB9B6D2206E8EC4008431F2 /* TableViewCell.swift */; };
		3BA97EAA2071719500B28154 /* TableViewCell.swift in Sources */ = {isa = PBXBuildFile; fileRef = 3BB9B6D2206E8EC4008431F2 /* TableViewCell.swift */; };
		3BA97EAB2071719500B28154 /* TableViewCell.swift in Sources */ = {isa = PBXBuildFile; fileRef = 3BB9B6D2206E8EC4008431F2 /* TableViewCell.swift */; };
		3BA97EAC2071719800B28154 /* MockTableViewViewModel.swift in Sources */ = {isa = PBXBuildFile; fileRef = 3BA97E25207161DC00B28154 /* MockTableViewViewModel.swift */; };
		3BA97EAD2071719900B28154 /* MockTableViewViewModel.swift in Sources */ = {isa = PBXBuildFile; fileRef = 3BA97E25207161DC00B28154 /* MockTableViewViewModel.swift */; };
		3BA97EAE2071719900B28154 /* MockTableViewViewModel.swift in Sources */ = {isa = PBXBuildFile; fileRef = 3BA97E25207161DC00B28154 /* MockTableViewViewModel.swift */; };
		3BA97EAF2071719C00B28154 /* MockUserDetailsViewModel.swift in Sources */ = {isa = PBXBuildFile; fileRef = 3BA97E44207169DD00B28154 /* MockUserDetailsViewModel.swift */; };
		3BA97EB02071719C00B28154 /* MockUserDetailsViewModel.swift in Sources */ = {isa = PBXBuildFile; fileRef = 3BA97E44207169DD00B28154 /* MockUserDetailsViewModel.swift */; };
		3BA97EB12071719C00B28154 /* MockUserDetailsViewModel.swift in Sources */ = {isa = PBXBuildFile; fileRef = 3BA97E44207169DD00B28154 /* MockUserDetailsViewModel.swift */; };
		3BA97EB22071719F00B28154 /* TableViewViewModel.swift in Sources */ = {isa = PBXBuildFile; fileRef = 3BB9B6CE206E8A54008431F2 /* TableViewViewModel.swift */; };
		3BA97EB32071719F00B28154 /* TableViewViewModel.swift in Sources */ = {isa = PBXBuildFile; fileRef = 3BB9B6CE206E8A54008431F2 /* TableViewViewModel.swift */; };
		3BA97EB4207171A000B28154 /* TableViewViewModel.swift in Sources */ = {isa = PBXBuildFile; fileRef = 3BB9B6CE206E8A54008431F2 /* TableViewViewModel.swift */; };
		3BA97EB5207171A200B28154 /* UserDetailsViewModel.swift in Sources */ = {isa = PBXBuildFile; fileRef = 3B15F426206FDC28008BF1F2 /* UserDetailsViewModel.swift */; };
		3BA97EB6207171A300B28154 /* UserDetailsViewModel.swift in Sources */ = {isa = PBXBuildFile; fileRef = 3B15F426206FDC28008BF1F2 /* UserDetailsViewModel.swift */; };
		3BA97EB7207171A300B28154 /* UserDetailsViewModel.swift in Sources */ = {isa = PBXBuildFile; fileRef = 3B15F426206FDC28008BF1F2 /* UserDetailsViewModel.swift */; };
		3BA97EB8207171A500B28154 /* User.swift in Sources */ = {isa = PBXBuildFile; fileRef = 3BB9B6C8206E8905008431F2 /* User.swift */; };
		3BA97EB9207171A600B28154 /* User.swift in Sources */ = {isa = PBXBuildFile; fileRef = 3BB9B6C8206E8905008431F2 /* User.swift */; };
		3BA97EBA207171A600B28154 /* User.swift in Sources */ = {isa = PBXBuildFile; fileRef = 3BB9B6C8206E8905008431F2 /* User.swift */; };
		3BA97EBB207171A800B28154 /* Repository.swift in Sources */ = {isa = PBXBuildFile; fileRef = 3BB9B6CA206E8918008431F2 /* Repository.swift */; };
		3BA97EBC207171A900B28154 /* Repository.swift in Sources */ = {isa = PBXBuildFile; fileRef = 3BB9B6CA206E8918008431F2 /* Repository.swift */; };
		3BA97EBD207171A900B28154 /* Repository.swift in Sources */ = {isa = PBXBuildFile; fileRef = 3BB9B6CA206E8918008431F2 /* Repository.swift */; };
		3BA97EBE207171AC00B28154 /* UserDetails.swift in Sources */ = {isa = PBXBuildFile; fileRef = 3B15F429206FDF27008BF1F2 /* UserDetails.swift */; };
		3BA97EBF207171AC00B28154 /* UserDetails.swift in Sources */ = {isa = PBXBuildFile; fileRef = 3B15F429206FDF27008BF1F2 /* UserDetails.swift */; };
		3BA97EC0207171AD00B28154 /* UserDetails.swift in Sources */ = {isa = PBXBuildFile; fileRef = 3B15F429206FDF27008BF1F2 /* UserDetails.swift */; };
		3BA97EC1207171AF00B28154 /* AppDelegate.swift in Sources */ = {isa = PBXBuildFile; fileRef = 3BC4CC27206E68F0000C1CCA /* AppDelegate.swift */; };
		3BA97EC2207171AF00B28154 /* AppDelegate.swift in Sources */ = {isa = PBXBuildFile; fileRef = 3BC4CC27206E68F0000C1CCA /* AppDelegate.swift */; };
		3BA97EC3207171B000B28154 /* AppDelegate.swift in Sources */ = {isa = PBXBuildFile; fileRef = 3BC4CC27206E68F0000C1CCA /* AppDelegate.swift */; };
		3BA97EC4207171B200B28154 /* ViewController.swift in Sources */ = {isa = PBXBuildFile; fileRef = 3BC4CC29206E68F0000C1CCA /* ViewController.swift */; };
		3BA97EC5207171B200B28154 /* ViewController.swift in Sources */ = {isa = PBXBuildFile; fileRef = 3BC4CC29206E68F0000C1CCA /* ViewController.swift */; };
		3BA97EC6207171B200B28154 /* ViewController.swift in Sources */ = {isa = PBXBuildFile; fileRef = 3BC4CC29206E68F0000C1CCA /* ViewController.swift */; };
		3BA97EC7207171B400B28154 /* UserDetailsViewController.swift in Sources */ = {isa = PBXBuildFile; fileRef = 3B15F42C206FE62A008BF1F2 /* UserDetailsViewController.swift */; };
		3BA97EC8207171B500B28154 /* UserDetailsViewController.swift in Sources */ = {isa = PBXBuildFile; fileRef = 3B15F42C206FE62A008BF1F2 /* UserDetailsViewController.swift */; };
		3BA97EC9207171B500B28154 /* UserDetailsViewController.swift in Sources */ = {isa = PBXBuildFile; fileRef = 3B15F42C206FE62A008BF1F2 /* UserDetailsViewController.swift */; };
		3BB9B6C9206E8905008431F2 /* User.swift in Sources */ = {isa = PBXBuildFile; fileRef = 3BB9B6C8206E8905008431F2 /* User.swift */; };
		3BB9B6CB206E8918008431F2 /* Repository.swift in Sources */ = {isa = PBXBuildFile; fileRef = 3BB9B6CA206E8918008431F2 /* Repository.swift */; };
		3BB9B6CF206E8A54008431F2 /* TableViewViewModel.swift in Sources */ = {isa = PBXBuildFile; fileRef = 3BB9B6CE206E8A54008431F2 /* TableViewViewModel.swift */; };
		3BB9B6D3206E8EC4008431F2 /* TableViewCell.swift in Sources */ = {isa = PBXBuildFile; fileRef = 3BB9B6D2206E8EC4008431F2 /* TableViewCell.swift */; };
		3BB9B6D8206ECB6B008431F2 /* NetworkManager.swift in Sources */ = {isa = PBXBuildFile; fileRef = 3BB9B6D7206ECB6B008431F2 /* NetworkManager.swift */; };
		3BB9B6DB206ECB81008431F2 /* Endpoints.swift in Sources */ = {isa = PBXBuildFile; fileRef = 3BB9B6DA206ECB81008431F2 /* Endpoints.swift */; };
		3BC4CC28206E68F0000C1CCA /* AppDelegate.swift in Sources */ = {isa = PBXBuildFile; fileRef = 3BC4CC27206E68F0000C1CCA /* AppDelegate.swift */; };
		3BC4CC2A206E68F0000C1CCA /* ViewController.swift in Sources */ = {isa = PBXBuildFile; fileRef = 3BC4CC29206E68F0000C1CCA /* ViewController.swift */; };
		3BC4CC2F206E68F0000C1CCA /* Assets.xcassets in Resources */ = {isa = PBXBuildFile; fileRef = 3BC4CC2E206E68F0000C1CCA /* Assets.xcassets */; };
		64313FF2CA880864B7C49C9C /* Pods_GitHubSearch_GitHubSearchViewControllerTests.framework in Frameworks */ = {isa = PBXBuildFile; fileRef = 4637B6896F3E9CF892463A7B /* Pods_GitHubSearch_GitHubSearchViewControllerTests.framework */; };
		9FDE2BC45E5FD65D33101A07 /* Pods_GitHubSearch_GitHubSearchApiCallsTests.framework in Frameworks */ = {isa = PBXBuildFile; fileRef = B8C4544F79C1BC64F316FAF2 /* Pods_GitHubSearch_GitHubSearchApiCallsTests.framework */; };
		E17929D2CE8C9101947BE6C2 /* Pods_GitHubSearch_GitHubSearchUserDetailsViewControllerTests.framework in Frameworks */ = {isa = PBXBuildFile; fileRef = 6A60B229538D22259DE43FCC /* Pods_GitHubSearch_GitHubSearchUserDetailsViewControllerTests.framework */; };
/* End PBXBuildFile section */

/* Begin PBXContainerItemProxy section */
		3BA97E7E2071706900B28154 /* PBXContainerItemProxy */ = {
			isa = PBXContainerItemProxy;
			containerPortal = 3BC4CC1C206E68F0000C1CCA /* Project object */;
			proxyType = 1;
			remoteGlobalIDString = 3BC4CC23206E68F0000C1CCA;
			remoteInfo = GitHubSearch;
		};
		3BA97E8C2071709500B28154 /* PBXContainerItemProxy */ = {
			isa = PBXContainerItemProxy;
			containerPortal = 3BC4CC1C206E68F0000C1CCA /* Project object */;
			proxyType = 1;
			remoteGlobalIDString = 3BC4CC23206E68F0000C1CCA;
			remoteInfo = GitHubSearch;
		};
		3BA97E9A207170B700B28154 /* PBXContainerItemProxy */ = {
			isa = PBXContainerItemProxy;
			containerPortal = 3BC4CC1C206E68F0000C1CCA /* Project object */;
			proxyType = 1;
			remoteGlobalIDString = 3BC4CC23206E68F0000C1CCA;
			remoteInfo = GitHubSearch;
		};
/* End PBXContainerItemProxy section */

/* Begin PBXFileReference section */
		02F844EC31C880A681D4D8DF /* Pods-GitHubSearch-GitHubSearchViewControllerTests.debug.xcconfig */ = {isa = PBXFileReference; includeInIndex = 1; lastKnownFileType = text.xcconfig; name = "Pods-GitHubSearch-GitHubSearchViewControllerTests.debug.xcconfig"; path = "Pods/Target Support Files/Pods-GitHubSearch-GitHubSearchViewControllerTests/Pods-GitHubSearch-GitHubSearchViewControllerTests.debug.xcconfig"; sourceTree = "<group>"; };
		099EF849EA4BA0F3E8256FDD /* Pods-GitHubSearch-GitHubSearchApiCallsTests.debug.xcconfig */ = {isa = PBXFileReference; includeInIndex = 1; lastKnownFileType = text.xcconfig; name = "Pods-GitHubSearch-GitHubSearchApiCallsTests.debug.xcconfig"; path = "Pods/Target Support Files/Pods-GitHubSearch-GitHubSearchApiCallsTests/Pods-GitHubSearch-GitHubSearchApiCallsTests.debug.xcconfig"; sourceTree = "<group>"; };
		2333D0FDFF7DD36473736164 /* Pods-GitHubSearch-GitHubSearchUserDetailsViewControllerTests.debug.xcconfig */ = {isa = PBXFileReference; includeInIndex = 1; lastKnownFileType = text.xcconfig; name = "Pods-GitHubSearch-GitHubSearchUserDetailsViewControllerTests.debug.xcconfig"; path = "Pods/Target Support Files/Pods-GitHubSearch-GitHubSearchUserDetailsViewControllerTests/Pods-GitHubSearch-GitHubSearchUserDetailsViewControllerTests.debug.xcconfig"; sourceTree = "<group>"; };
		245622B2DD125418383940E6 /* Pods_GitHubSearch_GitHubSearchTests.framework */ = {isa = PBXFileReference; explicitFileType = wrapper.framework; includeInIndex = 0; path = Pods_GitHubSearch_GitHubSearchTests.framework; sourceTree = BUILT_PRODUCTS_DIR; };
		301A4F3A6F8F5E3BE05D2F04 /* Pods-GitHubSearch-GitHubSearchUserDetailsViewControllerTests.release.xcconfig */ = {isa = PBXFileReference; includeInIndex = 1; lastKnownFileType = text.xcconfig; name = "Pods-GitHubSearch-GitHubSearchUserDetailsViewControllerTests.release.xcconfig"; path = "Pods/Target Support Files/Pods-GitHubSearch-GitHubSearchUserDetailsViewControllerTests/Pods-GitHubSearch-GitHubSearchUserDetailsViewControllerTests.release.xcconfig"; sourceTree = "<group>"; };
		349BADDD57367790537628CE /* Pods-GitHubSearch-GitHubSearchApiCallsTests.release.xcconfig */ = {isa = PBXFileReference; includeInIndex = 1; lastKnownFileType = text.xcconfig; name = "Pods-GitHubSearch-GitHubSearchApiCallsTests.release.xcconfig"; path = "Pods/Target Support Files/Pods-GitHubSearch-GitHubSearchApiCallsTests/Pods-GitHubSearch-GitHubSearchApiCallsTests.release.xcconfig"; sourceTree = "<group>"; };
		3B15F426206FDC28008BF1F2 /* UserDetailsViewModel.swift */ = {isa = PBXFileReference; lastKnownFileType = sourcecode.swift; path = UserDetailsViewModel.swift; sourceTree = "<group>"; };
		3B15F429206FDF27008BF1F2 /* UserDetails.swift */ = {isa = PBXFileReference; lastKnownFileType = sourcecode.swift; path = UserDetails.swift; sourceTree = "<group>"; };
		3B15F42C206FE62A008BF1F2 /* UserDetailsViewController.swift */ = {isa = PBXFileReference; lastKnownFileType = sourcecode.swift; path = UserDetailsViewController.swift; sourceTree = "<group>"; };
		3B88EC8620723B4400C6D621 /* TableViewEmptyView.swift */ = {isa = PBXFileReference; lastKnownFileType = sourcecode.swift; path = TableViewEmptyView.swift; sourceTree = "<group>"; };
		3BA97E2020715A5D00B28154 /* MockNetworkManager.swift */ = {isa = PBXFileReference; lastKnownFileType = sourcecode.swift; path = MockNetworkManager.swift; sourceTree = "<group>"; };
		3BA97E25207161DC00B28154 /* MockTableViewViewModel.swift */ = {isa = PBXFileReference; lastKnownFileType = sourcecode.swift; path = MockTableViewViewModel.swift; sourceTree = "<group>"; };
		3BA97E44207169DD00B28154 /* MockUserDetailsViewModel.swift */ = {isa = PBXFileReference; lastKnownFileType = sourcecode.swift; path = MockUserDetailsViewModel.swift; sourceTree = "<group>"; };
		3BA97E792071706900B28154 /* GitHubSearchApiCallsTests.xctest */ = {isa = PBXFileReference; explicitFileType = wrapper.cfbundle; includeInIndex = 0; path = GitHubSearchApiCallsTests.xctest; sourceTree = BUILT_PRODUCTS_DIR; };
		3BA97E7B2071706900B28154 /* GitHubSearchApiCallsTests.swift */ = {isa = PBXFileReference; lastKnownFileType = sourcecode.swift; path = GitHubSearchApiCallsTests.swift; sourceTree = "<group>"; };
		3BA97E7D2071706900B28154 /* Info.plist */ = {isa = PBXFileReference; lastKnownFileType = text.plist.xml; path = Info.plist; sourceTree = "<group>"; };
		3BA97E872071709500B28154 /* GitHubSearchViewControllerTests.xctest */ = {isa = PBXFileReference; explicitFileType = wrapper.cfbundle; includeInIndex = 0; path = GitHubSearchViewControllerTests.xctest; sourceTree = BUILT_PRODUCTS_DIR; };
		3BA97E892071709500B28154 /* GitHubSearchViewControllerTests.swift */ = {isa = PBXFileReference; lastKnownFileType = sourcecode.swift; path = GitHubSearchViewControllerTests.swift; sourceTree = "<group>"; };
		3BA97E8B2071709500B28154 /* Info.plist */ = {isa = PBXFileReference; lastKnownFileType = text.plist.xml; path = Info.plist; sourceTree = "<group>"; };
		3BA97E95207170B700B28154 /* GitHubSearchUserDetailsViewControllerTests.xctest */ = {isa = PBXFileReference; explicitFileType = wrapper.cfbundle; includeInIndex = 0; path = GitHubSearchUserDetailsViewControllerTests.xctest; sourceTree = BUILT_PRODUCTS_DIR; };
		3BA97E97207170B700B28154 /* GitHubSearchUserDetailsViewControllerTests.swift */ = {isa = PBXFileReference; lastKnownFileType = sourcecode.swift; path = GitHubSearchUserDetailsViewControllerTests.swift; sourceTree = "<group>"; };
		3BA97E99207170B700B28154 /* Info.plist */ = {isa = PBXFileReference; lastKnownFileType = text.plist.xml; path = Info.plist; sourceTree = "<group>"; };
		3BB9B6C8206E8905008431F2 /* User.swift */ = {isa = PBXFileReference; lastKnownFileType = sourcecode.swift; path = User.swift; sourceTree = "<group>"; };
		3BB9B6CA206E8918008431F2 /* Repository.swift */ = {isa = PBXFileReference; lastKnownFileType = sourcecode.swift; path = Repository.swift; sourceTree = "<group>"; };
		3BB9B6CE206E8A54008431F2 /* TableViewViewModel.swift */ = {isa = PBXFileReference; lastKnownFileType = sourcecode.swift; path = TableViewViewModel.swift; sourceTree = "<group>"; };
		3BB9B6D2206E8EC4008431F2 /* TableViewCell.swift */ = {isa = PBXFileReference; lastKnownFileType = sourcecode.swift; path = TableViewCell.swift; sourceTree = "<group>"; };
		3BB9B6D7206ECB6B008431F2 /* NetworkManager.swift */ = {isa = PBXFileReference; lastKnownFileType = sourcecode.swift; path = NetworkManager.swift; sourceTree = "<group>"; };
		3BB9B6DA206ECB81008431F2 /* Endpoints.swift */ = {isa = PBXFileReference; lastKnownFileType = sourcecode.swift; path = Endpoints.swift; sourceTree = "<group>"; };
		3BC4CC24206E68F0000C1CCA /* GitHubSearch.app */ = {isa = PBXFileReference; explicitFileType = wrapper.application; includeInIndex = 0; path = GitHubSearch.app; sourceTree = BUILT_PRODUCTS_DIR; };
		3BC4CC27206E68F0000C1CCA /* AppDelegate.swift */ = {isa = PBXFileReference; lastKnownFileType = sourcecode.swift; path = AppDelegate.swift; sourceTree = "<group>"; };
		3BC4CC29206E68F0000C1CCA /* ViewController.swift */ = {isa = PBXFileReference; lastKnownFileType = sourcecode.swift; path = ViewController.swift; sourceTree = "<group>"; };
		3BC4CC2E206E68F0000C1CCA /* Assets.xcassets */ = {isa = PBXFileReference; lastKnownFileType = folder.assetcatalog; path = Assets.xcassets; sourceTree = "<group>"; };
		3BC4CC33206E68F0000C1CCA /* Info.plist */ = {isa = PBXFileReference; lastKnownFileType = text.plist.xml; path = Info.plist; sourceTree = "<group>"; };
		430347C9FBAA4D9692ADF24E /* Pods-GitHubSearchViewControllersTests.debug.xcconfig */ = {isa = PBXFileReference; includeInIndex = 1; lastKnownFileType = text.xcconfig; name = "Pods-GitHubSearchViewControllersTests.debug.xcconfig"; path = "Pods/Target Support Files/Pods-GitHubSearchViewControllersTests/Pods-GitHubSearchViewControllersTests.debug.xcconfig"; sourceTree = "<group>"; };
		4637B6896F3E9CF892463A7B /* Pods_GitHubSearch_GitHubSearchViewControllerTests.framework */ = {isa = PBXFileReference; explicitFileType = wrapper.framework; includeInIndex = 0; path = Pods_GitHubSearch_GitHubSearchViewControllerTests.framework; sourceTree = BUILT_PRODUCTS_DIR; };
		56400244EDA071F9A397741A /* Pods_GitHubSearch_GitHubSearchUserDetailsTests.framework */ = {isa = PBXFileReference; explicitFileType = wrapper.framework; includeInIndex = 0; path = Pods_GitHubSearch_GitHubSearchUserDetailsTests.framework; sourceTree = BUILT_PRODUCTS_DIR; };
		575CED0307CFFF6C616A528D /* Pods-GitHubSearchViewControllersTests.release.xcconfig */ = {isa = PBXFileReference; includeInIndex = 1; lastKnownFileType = text.xcconfig; name = "Pods-GitHubSearchViewControllersTests.release.xcconfig"; path = "Pods/Target Support Files/Pods-GitHubSearchViewControllersTests/Pods-GitHubSearchViewControllersTests.release.xcconfig"; sourceTree = "<group>"; };
		6A60B229538D22259DE43FCC /* Pods_GitHubSearch_GitHubSearchUserDetailsViewControllerTests.framework */ = {isa = PBXFileReference; explicitFileType = wrapper.framework; includeInIndex = 0; path = Pods_GitHubSearch_GitHubSearchUserDetailsViewControllerTests.framework; sourceTree = BUILT_PRODUCTS_DIR; };
		71B078638C588C1898CAA769 /* Pods-GitHubSearchUserDetailsTests.debug.xcconfig */ = {isa = PBXFileReference; includeInIndex = 1; lastKnownFileType = text.xcconfig; name = "Pods-GitHubSearchUserDetailsTests.debug.xcconfig"; path = "Pods/Target Support Files/Pods-GitHubSearchUserDetailsTests/Pods-GitHubSearchUserDetailsTests.debug.xcconfig"; sourceTree = "<group>"; };
		79314DC820D04AF0C3ED5E02 /* Pods-GitHubSearch-GitHubSearchViewControllerTests.release.xcconfig */ = {isa = PBXFileReference; includeInIndex = 1; lastKnownFileType = text.xcconfig; name = "Pods-GitHubSearch-GitHubSearchViewControllerTests.release.xcconfig"; path = "Pods/Target Support Files/Pods-GitHubSearch-GitHubSearchViewControllerTests/Pods-GitHubSearch-GitHubSearchViewControllerTests.release.xcconfig"; sourceTree = "<group>"; };
		80C90CD563D4AFB220A274E6 /* Pods-GitHubSearch-GitHubSearchUserDetailsTests.debug.xcconfig */ = {isa = PBXFileReference; includeInIndex = 1; lastKnownFileType = text.xcconfig; name = "Pods-GitHubSearch-GitHubSearchUserDetailsTests.debug.xcconfig"; path = "Pods/Target Support Files/Pods-GitHubSearch-GitHubSearchUserDetailsTests/Pods-GitHubSearch-GitHubSearchUserDetailsTests.debug.xcconfig"; sourceTree = "<group>"; };
		8566558E41D4CBD8E225F5D7 /* Pods-GitHubSearchTests.debug.xcconfig */ = {isa = PBXFileReference; includeInIndex = 1; lastKnownFileType = text.xcconfig; name = "Pods-GitHubSearchTests.debug.xcconfig"; path = "Pods/Target Support Files/Pods-GitHubSearchTests/Pods-GitHubSearchTests.debug.xcconfig"; sourceTree = "<group>"; };
		8AE79B6E7AF9C88DDCF053BD /* Pods_GitHubSearchViewControllersTests.framework */ = {isa = PBXFileReference; explicitFileType = wrapper.framework; includeInIndex = 0; path = Pods_GitHubSearchViewControllersTests.framework; sourceTree = BUILT_PRODUCTS_DIR; };
		8DEF0323CAFB035E8E567672 /* Pods_GitHubSearch.framework */ = {isa = PBXFileReference; explicitFileType = wrapper.framework; includeInIndex = 0; path = Pods_GitHubSearch.framework; sourceTree = BUILT_PRODUCTS_DIR; };
		96079212B7B9CDED9AE9E747 /* Pods-GitHubSearch-GitHubSearchViewControllersTests.release.xcconfig */ = {isa = PBXFileReference; includeInIndex = 1; lastKnownFileType = text.xcconfig; name = "Pods-GitHubSearch-GitHubSearchViewControllersTests.release.xcconfig"; path = "Pods/Target Support Files/Pods-GitHubSearch-GitHubSearchViewControllersTests/Pods-GitHubSearch-GitHubSearchViewControllersTests.release.xcconfig"; sourceTree = "<group>"; };
		972B9E013C1E7AAD015DAAE2 /* Pods-GitHubSearch-GitHubSearchTests.release.xcconfig */ = {isa = PBXFileReference; includeInIndex = 1; lastKnownFileType = text.xcconfig; name = "Pods-GitHubSearch-GitHubSearchTests.release.xcconfig"; path = "Pods/Target Support Files/Pods-GitHubSearch-GitHubSearchTests/Pods-GitHubSearch-GitHubSearchTests.release.xcconfig"; sourceTree = "<group>"; };
		9F7E64CC8E73B862D062E2DF /* Pods-GitHubSearch-GitHubSearchTests.debug.xcconfig */ = {isa = PBXFileReference; includeInIndex = 1; lastKnownFileType = text.xcconfig; name = "Pods-GitHubSearch-GitHubSearchTests.debug.xcconfig"; path = "Pods/Target Support Files/Pods-GitHubSearch-GitHubSearchTests/Pods-GitHubSearch-GitHubSearchTests.debug.xcconfig"; sourceTree = "<group>"; };
		A24859A49F831360AA7EB259 /* Pods_GitHubSearch_GitHubSearchViewControllersTests.framework */ = {isa = PBXFileReference; explicitFileType = wrapper.framework; includeInIndex = 0; path = Pods_GitHubSearch_GitHubSearchViewControllersTests.framework; sourceTree = BUILT_PRODUCTS_DIR; };
		A69A3F6866595FF1177C2AD9 /* Pods-GitHubSearchTests.release.xcconfig */ = {isa = PBXFileReference; includeInIndex = 1; lastKnownFileType = text.xcconfig; name = "Pods-GitHubSearchTests.release.xcconfig"; path = "Pods/Target Support Files/Pods-GitHubSearchTests/Pods-GitHubSearchTests.release.xcconfig"; sourceTree = "<group>"; };
		B80D44A83B4AFEB934DD108F /* Pods-GitHubSearch.debug.xcconfig */ = {isa = PBXFileReference; includeInIndex = 1; lastKnownFileType = text.xcconfig; name = "Pods-GitHubSearch.debug.xcconfig"; path = "Pods/Target Support Files/Pods-GitHubSearch/Pods-GitHubSearch.debug.xcconfig"; sourceTree = "<group>"; };
		B8C4544F79C1BC64F316FAF2 /* Pods_GitHubSearch_GitHubSearchApiCallsTests.framework */ = {isa = PBXFileReference; explicitFileType = wrapper.framework; includeInIndex = 0; path = Pods_GitHubSearch_GitHubSearchApiCallsTests.framework; sourceTree = BUILT_PRODUCTS_DIR; };
		C097E2225DB77D1338C6CB27 /* Pods-GitHubSearch.release.xcconfig */ = {isa = PBXFileReference; includeInIndex = 1; lastKnownFileType = text.xcconfig; name = "Pods-GitHubSearch.release.xcconfig"; path = "Pods/Target Support Files/Pods-GitHubSearch/Pods-GitHubSearch.release.xcconfig"; sourceTree = "<group>"; };
		C80CB519EC3EDBBFC6D84CA7 /* Pods-GitHubSearch-GitHubSearchViewControllersTests.debug.xcconfig */ = {isa = PBXFileReference; includeInIndex = 1; lastKnownFileType = text.xcconfig; name = "Pods-GitHubSearch-GitHubSearchViewControllersTests.debug.xcconfig"; path = "Pods/Target Support Files/Pods-GitHubSearch-GitHubSearchViewControllersTests/Pods-GitHubSearch-GitHubSearchViewControllersTests.debug.xcconfig"; sourceTree = "<group>"; };
		D6D9ED2D4EC728917AD4CCCA /* Pods_GitHubSearchTests.framework */ = {isa = PBXFileReference; explicitFileType = wrapper.framework; includeInIndex = 0; path = Pods_GitHubSearchTests.framework; sourceTree = BUILT_PRODUCTS_DIR; };
		D8573012AD3139B9A2886731 /* Pods-GitHubSearchUserDetailsTests.release.xcconfig */ = {isa = PBXFileReference; includeInIndex = 1; lastKnownFileType = text.xcconfig; name = "Pods-GitHubSearchUserDetailsTests.release.xcconfig"; path = "Pods/Target Support Files/Pods-GitHubSearchUserDetailsTests/Pods-GitHubSearchUserDetailsTests.release.xcconfig"; sourceTree = "<group>"; };
		E0A449F067141FF835FE1F1F /* Pods-GitHubSearch-GitHubSearchUserDetailsTests.release.xcconfig */ = {isa = PBXFileReference; includeInIndex = 1; lastKnownFileType = text.xcconfig; name = "Pods-GitHubSearch-GitHubSearchUserDetailsTests.release.xcconfig"; path = "Pods/Target Support Files/Pods-GitHubSearch-GitHubSearchUserDetailsTests/Pods-GitHubSearch-GitHubSearchUserDetailsTests.release.xcconfig"; sourceTree = "<group>"; };
		E38FC56CE77EA3C3AA5B1E6C /* Pods_GitHubSearchUserDetailsTests.framework */ = {isa = PBXFileReference; explicitFileType = wrapper.framework; includeInIndex = 0; path = Pods_GitHubSearchUserDetailsTests.framework; sourceTree = BUILT_PRODUCTS_DIR; };
/* End PBXFileReference section */

/* Begin PBXFrameworksBuildPhase section */
		3BA97E762071706900B28154 /* Frameworks */ = {
			isa = PBXFrameworksBuildPhase;
			buildActionMask = 2147483647;
			files = (
				9FDE2BC45E5FD65D33101A07 /* Pods_GitHubSearch_GitHubSearchApiCallsTests.framework in Frameworks */,
			);
			runOnlyForDeploymentPostprocessing = 0;
		};
		3BA97E842071709500B28154 /* Frameworks */ = {
			isa = PBXFrameworksBuildPhase;
			buildActionMask = 2147483647;
			files = (
				64313FF2CA880864B7C49C9C /* Pods_GitHubSearch_GitHubSearchViewControllerTests.framework in Frameworks */,
			);
			runOnlyForDeploymentPostprocessing = 0;
		};
		3BA97E92207170B700B28154 /* Frameworks */ = {
			isa = PBXFrameworksBuildPhase;
			buildActionMask = 2147483647;
			files = (
				E17929D2CE8C9101947BE6C2 /* Pods_GitHubSearch_GitHubSearchUserDetailsViewControllerTests.framework in Frameworks */,
			);
			runOnlyForDeploymentPostprocessing = 0;
		};
		3BC4CC21206E68F0000C1CCA /* Frameworks */ = {
			isa = PBXFrameworksBuildPhase;
			buildActionMask = 2147483647;
			files = (
				1878306A8641A411BE181BD2 /* Pods_GitHubSearch.framework in Frameworks */,
			);
			runOnlyForDeploymentPostprocessing = 0;
		};
/* End PBXFrameworksBuildPhase section */

/* Begin PBXGroup section */
		2D04282AFEBB8B8BF3D10CBF /* Pods */ = {
			isa = PBXGroup;
			children = (
				B80D44A83B4AFEB934DD108F /* Pods-GitHubSearch.debug.xcconfig */,
				C097E2225DB77D1338C6CB27 /* Pods-GitHubSearch.release.xcconfig */,
				9F7E64CC8E73B862D062E2DF /* Pods-GitHubSearch-GitHubSearchTests.debug.xcconfig */,
				972B9E013C1E7AAD015DAAE2 /* Pods-GitHubSearch-GitHubSearchTests.release.xcconfig */,
				8566558E41D4CBD8E225F5D7 /* Pods-GitHubSearchTests.debug.xcconfig */,
				A69A3F6866595FF1177C2AD9 /* Pods-GitHubSearchTests.release.xcconfig */,
				430347C9FBAA4D9692ADF24E /* Pods-GitHubSearchViewControllersTests.debug.xcconfig */,
				575CED0307CFFF6C616A528D /* Pods-GitHubSearchViewControllersTests.release.xcconfig */,
				71B078638C588C1898CAA769 /* Pods-GitHubSearchUserDetailsTests.debug.xcconfig */,
				D8573012AD3139B9A2886731 /* Pods-GitHubSearchUserDetailsTests.release.xcconfig */,
				80C90CD563D4AFB220A274E6 /* Pods-GitHubSearch-GitHubSearchUserDetailsTests.debug.xcconfig */,
				E0A449F067141FF835FE1F1F /* Pods-GitHubSearch-GitHubSearchUserDetailsTests.release.xcconfig */,
				C80CB519EC3EDBBFC6D84CA7 /* Pods-GitHubSearch-GitHubSearchViewControllersTests.debug.xcconfig */,
				96079212B7B9CDED9AE9E747 /* Pods-GitHubSearch-GitHubSearchViewControllersTests.release.xcconfig */,
				099EF849EA4BA0F3E8256FDD /* Pods-GitHubSearch-GitHubSearchApiCallsTests.debug.xcconfig */,
				349BADDD57367790537628CE /* Pods-GitHubSearch-GitHubSearchApiCallsTests.release.xcconfig */,
				2333D0FDFF7DD36473736164 /* Pods-GitHubSearch-GitHubSearchUserDetailsViewControllerTests.debug.xcconfig */,
				301A4F3A6F8F5E3BE05D2F04 /* Pods-GitHubSearch-GitHubSearchUserDetailsViewControllerTests.release.xcconfig */,
				02F844EC31C880A681D4D8DF /* Pods-GitHubSearch-GitHubSearchViewControllerTests.debug.xcconfig */,
				79314DC820D04AF0C3ED5E02 /* Pods-GitHubSearch-GitHubSearchViewControllerTests.release.xcconfig */,
			);
			name = Pods;
			sourceTree = "<group>";
		};
		3B88EC8520723B2500C6D621 /* Views */ = {
			isa = PBXGroup;
			children = (
				3B88EC8620723B4400C6D621 /* TableViewEmptyView.swift */,
			);
			path = Views;
			sourceTree = "<group>";
		};
		3BA97E23207161B900B28154 /* Mock */ = {
			isa = PBXGroup;
			children = (
				3BA97E2020715A5D00B28154 /* MockNetworkManager.swift */,
			);
			path = Mock;
			sourceTree = "<group>";
		};
		3BA97E24207161C700B28154 /* Mock */ = {
			isa = PBXGroup;
			children = (
				3BA97E25207161DC00B28154 /* MockTableViewViewModel.swift */,
				3BA97E44207169DD00B28154 /* MockUserDetailsViewModel.swift */,
			);
			path = Mock;
			sourceTree = "<group>";
		};
		3BA97E7A2071706900B28154 /* GitHubSearchApiCallsTests */ = {
			isa = PBXGroup;
			children = (
				3BA97E7B2071706900B28154 /* GitHubSearchApiCallsTests.swift */,
				3BA97E7D2071706900B28154 /* Info.plist */,
			);
			path = GitHubSearchApiCallsTests;
			sourceTree = "<group>";
		};
		3BA97E882071709500B28154 /* GitHubSearchViewControllerTests */ = {
			isa = PBXGroup;
			children = (
				3BA97E892071709500B28154 /* GitHubSearchViewControllerTests.swift */,
				3BA97E8B2071709500B28154 /* Info.plist */,
			);
			path = GitHubSearchViewControllerTests;
			sourceTree = "<group>";
		};
		3BA97E96207170B700B28154 /* GitHubSearchUserDetailsViewControllerTests */ = {
			isa = PBXGroup;
			children = (
				3BA97E97207170B700B28154 /* GitHubSearchUserDetailsViewControllerTests.swift */,
				3BA97E99207170B700B28154 /* Info.plist */,
			);
			path = GitHubSearchUserDetailsViewControllerTests;
			sourceTree = "<group>";
		};
		3BB9B6C4206E88C4008431F2 /* Models */ = {
			isa = PBXGroup;
			children = (
				3BB9B6C8206E8905008431F2 /* User.swift */,
				3BB9B6CA206E8918008431F2 /* Repository.swift */,
				3B15F429206FDF27008BF1F2 /* UserDetails.swift */,
			);
			path = Models;
			sourceTree = "<group>";
		};
		3BB9B6C5206E88CC008431F2 /* ViewModels */ = {
			isa = PBXGroup;
			children = (
				3BA97E24207161C700B28154 /* Mock */,
				3BB9B6CE206E8A54008431F2 /* TableViewViewModel.swift */,
				3B15F426206FDC28008BF1F2 /* UserDetailsViewModel.swift */,
			);
			path = ViewModels;
			sourceTree = "<group>";
		};
		3BB9B6D1206E8EAA008431F2 /* Cells */ = {
			isa = PBXGroup;
			children = (
				3BB9B6D2206E8EC4008431F2 /* TableViewCell.swift */,
			);
			path = Cells;
			sourceTree = "<group>";
		};
		3BB9B6D6206ECB4F008431F2 /* Networking */ = {
			isa = PBXGroup;
			children = (
				3BA97E23207161B900B28154 /* Mock */,
				3BB9B6D7206ECB6B008431F2 /* NetworkManager.swift */,
				3BB9B6DA206ECB81008431F2 /* Endpoints.swift */,
			);
			path = Networking;
			sourceTree = "<group>";
		};
		3BC4CC1B206E68F0000C1CCA = {
			isa = PBXGroup;
			children = (
				3BC4CC26206E68F0000C1CCA /* GitHubSearch */,
				3BA97E7A2071706900B28154 /* GitHubSearchApiCallsTests */,
				3BA97E882071709500B28154 /* GitHubSearchViewControllerTests */,
				3BA97E96207170B700B28154 /* GitHubSearchUserDetailsViewControllerTests */,
				3BC4CC25206E68F0000C1CCA /* Products */,
				2D04282AFEBB8B8BF3D10CBF /* Pods */,
				D9BC19DAF08E57BA3053D396 /* Frameworks */,
			);
			sourceTree = "<group>";
		};
		3BC4CC25206E68F0000C1CCA /* Products */ = {
			isa = PBXGroup;
			children = (
				3BC4CC24206E68F0000C1CCA /* GitHubSearch.app */,
				3BA97E792071706900B28154 /* GitHubSearchApiCallsTests.xctest */,
				3BA97E872071709500B28154 /* GitHubSearchViewControllerTests.xctest */,
				3BA97E95207170B700B28154 /* GitHubSearchUserDetailsViewControllerTests.xctest */,
			);
			name = Products;
			sourceTree = "<group>";
		};
		3BC4CC26206E68F0000C1CCA /* GitHubSearch */ = {
			isa = PBXGroup;
			children = (
				3B88EC8520723B2500C6D621 /* Views */,
				3BB9B6D6206ECB4F008431F2 /* Networking */,
				3BB9B6D1206E8EAA008431F2 /* Cells */,
				3BB9B6C5206E88CC008431F2 /* ViewModels */,
				3BB9B6C4206E88C4008431F2 /* Models */,
				3BC4CC27206E68F0000C1CCA /* AppDelegate.swift */,
				3BC4CC29206E68F0000C1CCA /* ViewController.swift */,
				3B15F42C206FE62A008BF1F2 /* UserDetailsViewController.swift */,
				3BC4CC2E206E68F0000C1CCA /* Assets.xcassets */,
				3BC4CC33206E68F0000C1CCA /* Info.plist */,
			);
			path = GitHubSearch;
			sourceTree = "<group>";
		};
		D9BC19DAF08E57BA3053D396 /* Frameworks */ = {
			isa = PBXGroup;
			children = (
				8DEF0323CAFB035E8E567672 /* Pods_GitHubSearch.framework */,
				245622B2DD125418383940E6 /* Pods_GitHubSearch_GitHubSearchTests.framework */,
				D6D9ED2D4EC728917AD4CCCA /* Pods_GitHubSearchTests.framework */,
				8AE79B6E7AF9C88DDCF053BD /* Pods_GitHubSearchViewControllersTests.framework */,
				E38FC56CE77EA3C3AA5B1E6C /* Pods_GitHubSearchUserDetailsTests.framework */,
				56400244EDA071F9A397741A /* Pods_GitHubSearch_GitHubSearchUserDetailsTests.framework */,
				A24859A49F831360AA7EB259 /* Pods_GitHubSearch_GitHubSearchViewControllersTests.framework */,
				B8C4544F79C1BC64F316FAF2 /* Pods_GitHubSearch_GitHubSearchApiCallsTests.framework */,
				6A60B229538D22259DE43FCC /* Pods_GitHubSearch_GitHubSearchUserDetailsViewControllerTests.framework */,
				4637B6896F3E9CF892463A7B /* Pods_GitHubSearch_GitHubSearchViewControllerTests.framework */,
			);
			name = Frameworks;
			sourceTree = "<group>";
		};
/* End PBXGroup section */

/* Begin PBXNativeTarget section */
		3BA97E782071706900B28154 /* GitHubSearchApiCallsTests */ = {
			isa = PBXNativeTarget;
			buildConfigurationList = 3BA97E822071706900B28154 /* Build configuration list for PBXNativeTarget "GitHubSearchApiCallsTests" */;
			buildPhases = (
				C7BE1165E0623141D08E9274 /* [CP] Check Pods Manifest.lock */,
				3BA97E752071706900B28154 /* Sources */,
				3BA97E762071706900B28154 /* Frameworks */,
				3BA97E772071706900B28154 /* Resources */,
				C543A07917A03AA5E37A2F9D /* [CP] Embed Pods Frameworks */,
				E1F43B12341FA9A3BA2DC3C4 /* [CP] Copy Pods Resources */,
			);
			buildRules = (
			);
			dependencies = (
				3BA97E7F2071706900B28154 /* PBXTargetDependency */,
			);
			name = GitHubSearchApiCallsTests;
			productName = GitHubSearchApiCallsTests;
			productReference = 3BA97E792071706900B28154 /* GitHubSearchApiCallsTests.xctest */;
			productType = "com.apple.product-type.bundle.unit-test";
		};
		3BA97E862071709500B28154 /* GitHubSearchViewControllerTests */ = {
			isa = PBXNativeTarget;
			buildConfigurationList = 3BA97E8E2071709500B28154 /* Build configuration list for PBXNativeTarget "GitHubSearchViewControllerTests" */;
			buildPhases = (
				B50B6CFE439A391FF301596A /* [CP] Check Pods Manifest.lock */,
				3BA97E832071709500B28154 /* Sources */,
				3BA97E842071709500B28154 /* Frameworks */,
				3BA97E852071709500B28154 /* Resources */,
				C707328A7022EA610370E636 /* [CP] Embed Pods Frameworks */,
				3451C7FF018FE9F7FE9FEC9F /* [CP] Copy Pods Resources */,
			);
			buildRules = (
			);
			dependencies = (
				3BA97E8D2071709500B28154 /* PBXTargetDependency */,
			);
			name = GitHubSearchViewControllerTests;
			productName = GitHubSearchViewControllerTests;
			productReference = 3BA97E872071709500B28154 /* GitHubSearchViewControllerTests.xctest */;
			productType = "com.apple.product-type.bundle.unit-test";
		};
		3BA97E94207170B700B28154 /* GitHubSearchUserDetailsViewControllerTests */ = {
			isa = PBXNativeTarget;
			buildConfigurationList = 3BA97E9C207170B700B28154 /* Build configuration list for PBXNativeTarget "GitHubSearchUserDetailsViewControllerTests" */;
			buildPhases = (
				A273CF9E2C4F1986CD1F7E36 /* [CP] Check Pods Manifest.lock */,
				3BA97E91207170B700B28154 /* Sources */,
				3BA97E92207170B700B28154 /* Frameworks */,
				3BA97E93207170B700B28154 /* Resources */,
				817BDE1CF909E66760529671 /* [CP] Embed Pods Frameworks */,
				6BB68E2247B9845E617EF2B9 /* [CP] Copy Pods Resources */,
			);
			buildRules = (
			);
			dependencies = (
				3BA97E9B207170B700B28154 /* PBXTargetDependency */,
			);
			name = GitHubSearchUserDetailsViewControllerTests;
			productName = GitHubSearchUserDetailsViewControllerTests;
			productReference = 3BA97E95207170B700B28154 /* GitHubSearchUserDetailsViewControllerTests.xctest */;
			productType = "com.apple.product-type.bundle.unit-test";
		};
		3BC4CC23206E68F0000C1CCA /* GitHubSearch */ = {
			isa = PBXNativeTarget;
			buildConfigurationList = 3BC4CC41206E68F1000C1CCA /* Build configuration list for PBXNativeTarget "GitHubSearch" */;
			buildPhases = (
				515EC2177568254A1B2DFBD7 /* [CP] Check Pods Manifest.lock */,
				3BC4CC20206E68F0000C1CCA /* Sources */,
				3BC4CC21206E68F0000C1CCA /* Frameworks */,
				3BC4CC22206E68F0000C1CCA /* Resources */,
				3EE3946E9630588DE7975B7D /* [CP] Embed Pods Frameworks */,
				B35A5F81102EDD1FC3F5AA5C /* [CP] Copy Pods Resources */,
			);
			buildRules = (
			);
			dependencies = (
			);
			name = GitHubSearch;
			productName = GitHubSearch;
			productReference = 3BC4CC24206E68F0000C1CCA /* GitHubSearch.app */;
			productType = "com.apple.product-type.application";
		};
/* End PBXNativeTarget section */

/* Begin PBXProject section */
		3BC4CC1C206E68F0000C1CCA /* Project object */ = {
			isa = PBXProject;
			attributes = {
				LastSwiftUpdateCheck = 0920;
				LastUpgradeCheck = 0920;
				ORGANIZATIONNAME = dontgonearthecastle;
				TargetAttributes = {
					3BA97E782071706900B28154 = {
						CreatedOnToolsVersion = 9.2;
						ProvisioningStyle = Automatic;
						TestTargetID = 3BC4CC23206E68F0000C1CCA;
					};
					3BA97E862071709500B28154 = {
						CreatedOnToolsVersion = 9.2;
						ProvisioningStyle = Automatic;
						TestTargetID = 3BC4CC23206E68F0000C1CCA;
					};
					3BA97E94207170B700B28154 = {
						CreatedOnToolsVersion = 9.2;
						ProvisioningStyle = Automatic;
						TestTargetID = 3BC4CC23206E68F0000C1CCA;
					};
					3BC4CC23206E68F0000C1CCA = {
						CreatedOnToolsVersion = 9.2;
						ProvisioningStyle = Automatic;
					};
				};
			};
			buildConfigurationList = 3BC4CC1F206E68F0000C1CCA /* Build configuration list for PBXProject "GitHubSearch" */;
			compatibilityVersion = "Xcode 8.0";
			developmentRegion = en;
			hasScannedForEncodings = 0;
			knownRegions = (
				en,
				Base,
			);
			mainGroup = 3BC4CC1B206E68F0000C1CCA;
			productRefGroup = 3BC4CC25206E68F0000C1CCA /* Products */;
			projectDirPath = "";
			projectRoot = "";
			targets = (
				3BC4CC23206E68F0000C1CCA /* GitHubSearch */,
				3BA97E782071706900B28154 /* GitHubSearchApiCallsTests */,
				3BA97E862071709500B28154 /* GitHubSearchViewControllerTests */,
				3BA97E94207170B700B28154 /* GitHubSearchUserDetailsViewControllerTests */,
			);
		};
/* End PBXProject section */

/* Begin PBXResourcesBuildPhase section */
		3BA97E772071706900B28154 /* Resources */ = {
			isa = PBXResourcesBuildPhase;
			buildActionMask = 2147483647;
			files = (
			);
			runOnlyForDeploymentPostprocessing = 0;
		};
		3BA97E852071709500B28154 /* Resources */ = {
			isa = PBXResourcesBuildPhase;
			buildActionMask = 2147483647;
			files = (
			);
			runOnlyForDeploymentPostprocessing = 0;
		};
		3BA97E93207170B700B28154 /* Resources */ = {
			isa = PBXResourcesBuildPhase;
			buildActionMask = 2147483647;
			files = (
			);
			runOnlyForDeploymentPostprocessing = 0;
		};
		3BC4CC22206E68F0000C1CCA /* Resources */ = {
			isa = PBXResourcesBuildPhase;
			buildActionMask = 2147483647;
			files = (
				3BC4CC2F206E68F0000C1CCA /* Assets.xcassets in Resources */,
			);
			runOnlyForDeploymentPostprocessing = 0;
		};
/* End PBXResourcesBuildPhase section */

/* Begin PBXShellScriptBuildPhase section */
		3451C7FF018FE9F7FE9FEC9F /* [CP] Copy Pods Resources */ = {
			isa = PBXShellScriptBuildPhase;
			buildActionMask = 2147483647;
			files = (
			);
			inputPaths = (
			);
			name = "[CP] Copy Pods Resources";
			outputPaths = (
			);
			runOnlyForDeploymentPostprocessing = 0;
			shellPath = /bin/sh;
			shellScript = "\"${SRCROOT}/Pods/Target Support Files/Pods-GitHubSearch-GitHubSearchViewControllerTests/Pods-GitHubSearch-GitHubSearchViewControllerTests-resources.sh\"\n";
			showEnvVarsInLog = 0;
		};
		3EE3946E9630588DE7975B7D /* [CP] Embed Pods Frameworks */ = {
			isa = PBXShellScriptBuildPhase;
			buildActionMask = 2147483647;
			files = (
			);
			inputPaths = (
				"${SRCROOT}/Pods/Target Support Files/Pods-GitHubSearch/Pods-GitHubSearch-frameworks.sh",
				"${BUILT_PRODUCTS_DIR}/Alamofire/Alamofire.framework",
				"${BUILT_PRODUCTS_DIR}/AlamofireImage/AlamofireImage.framework",
				"${BUILT_PRODUCTS_DIR}/AlamofireNetworkActivityIndicator/AlamofireNetworkActivityIndicator.framework",
				"${BUILT_PRODUCTS_DIR}/RxCocoa/RxCocoa.framework",
				"${BUILT_PRODUCTS_DIR}/RxSwift/RxSwift.framework",
				"${BUILT_PRODUCTS_DIR}/SnapKit/SnapKit.framework",
			);
			name = "[CP] Embed Pods Frameworks";
			outputPaths = (
				"${TARGET_BUILD_DIR}/${FRAMEWORKS_FOLDER_PATH}/Alamofire.framework",
				"${TARGET_BUILD_DIR}/${FRAMEWORKS_FOLDER_PATH}/AlamofireImage.framework",
				"${TARGET_BUILD_DIR}/${FRAMEWORKS_FOLDER_PATH}/AlamofireNetworkActivityIndicator.framework",
				"${TARGET_BUILD_DIR}/${FRAMEWORKS_FOLDER_PATH}/RxCocoa.framework",
				"${TARGET_BUILD_DIR}/${FRAMEWORKS_FOLDER_PATH}/RxSwift.framework",
				"${TARGET_BUILD_DIR}/${FRAMEWORKS_FOLDER_PATH}/SnapKit.framework",
			);
			runOnlyForDeploymentPostprocessing = 0;
			shellPath = /bin/sh;
			shellScript = "\"${SRCROOT}/Pods/Target Support Files/Pods-GitHubSearch/Pods-GitHubSearch-frameworks.sh\"\n";
			showEnvVarsInLog = 0;
		};
		515EC2177568254A1B2DFBD7 /* [CP] Check Pods Manifest.lock */ = {
			isa = PBXShellScriptBuildPhase;
			buildActionMask = 2147483647;
			files = (
			);
			inputPaths = (
				"${PODS_PODFILE_DIR_PATH}/Podfile.lock",
				"${PODS_ROOT}/Manifest.lock",
			);
			name = "[CP] Check Pods Manifest.lock";
			outputPaths = (
				"$(DERIVED_FILE_DIR)/Pods-GitHubSearch-checkManifestLockResult.txt",
			);
			runOnlyForDeploymentPostprocessing = 0;
			shellPath = /bin/sh;
			shellScript = "diff \"${PODS_PODFILE_DIR_PATH}/Podfile.lock\" \"${PODS_ROOT}/Manifest.lock\" > /dev/null\nif [ $? != 0 ] ; then\n    # print error to STDERR\n    echo \"error: The sandbox is not in sync with the Podfile.lock. Run 'pod install' or update your CocoaPods installation.\" >&2\n    exit 1\nfi\n# This output is used by Xcode 'outputs' to avoid re-running this script phase.\necho \"SUCCESS\" > \"${SCRIPT_OUTPUT_FILE_0}\"\n";
			showEnvVarsInLog = 0;
		};
		6BB68E2247B9845E617EF2B9 /* [CP] Copy Pods Resources */ = {
			isa = PBXShellScriptBuildPhase;
			buildActionMask = 2147483647;
			files = (
			);
			inputPaths = (
			);
			name = "[CP] Copy Pods Resources";
			outputPaths = (
			);
			runOnlyForDeploymentPostprocessing = 0;
			shellPath = /bin/sh;
			shellScript = "\"${SRCROOT}/Pods/Target Support Files/Pods-GitHubSearch-GitHubSearchUserDetailsViewControllerTests/Pods-GitHubSearch-GitHubSearchUserDetailsViewControllerTests-resources.sh\"\n";
			showEnvVarsInLog = 0;
		};
		817BDE1CF909E66760529671 /* [CP] Embed Pods Frameworks */ = {
			isa = PBXShellScriptBuildPhase;
			buildActionMask = 2147483647;
			files = (
			);
			inputPaths = (
				"${SRCROOT}/Pods/Target Support Files/Pods-GitHubSearch-GitHubSearchUserDetailsViewControllerTests/Pods-GitHubSearch-GitHubSearchUserDetailsViewControllerTests-frameworks.sh",
				"${BUILT_PRODUCTS_DIR}/Alamofire/Alamofire.framework",
				"${BUILT_PRODUCTS_DIR}/AlamofireImage/AlamofireImage.framework",
				"${BUILT_PRODUCTS_DIR}/AlamofireNetworkActivityIndicator/AlamofireNetworkActivityIndicator.framework",
				"${BUILT_PRODUCTS_DIR}/RxCocoa/RxCocoa.framework",
				"${BUILT_PRODUCTS_DIR}/RxSwift/RxSwift.framework",
				"${BUILT_PRODUCTS_DIR}/SnapKit/SnapKit.framework",
			);
			name = "[CP] Embed Pods Frameworks";
			outputPaths = (
				"${TARGET_BUILD_DIR}/${FRAMEWORKS_FOLDER_PATH}/Alamofire.framework",
				"${TARGET_BUILD_DIR}/${FRAMEWORKS_FOLDER_PATH}/AlamofireImage.framework",
				"${TARGET_BUILD_DIR}/${FRAMEWORKS_FOLDER_PATH}/AlamofireNetworkActivityIndicator.framework",
				"${TARGET_BUILD_DIR}/${FRAMEWORKS_FOLDER_PATH}/RxCocoa.framework",
				"${TARGET_BUILD_DIR}/${FRAMEWORKS_FOLDER_PATH}/RxSwift.framework",
				"${TARGET_BUILD_DIR}/${FRAMEWORKS_FOLDER_PATH}/SnapKit.framework",
			);
			runOnlyForDeploymentPostprocessing = 0;
			shellPath = /bin/sh;
			shellScript = "\"${SRCROOT}/Pods/Target Support Files/Pods-GitHubSearch-GitHubSearchUserDetailsViewControllerTests/Pods-GitHubSearch-GitHubSearchUserDetailsViewControllerTests-frameworks.sh\"\n";
			showEnvVarsInLog = 0;
		};
		A273CF9E2C4F1986CD1F7E36 /* [CP] Check Pods Manifest.lock */ = {
			isa = PBXShellScriptBuildPhase;
			buildActionMask = 2147483647;
			files = (
			);
			inputPaths = (
				"${PODS_PODFILE_DIR_PATH}/Podfile.lock",
				"${PODS_ROOT}/Manifest.lock",
			);
			name = "[CP] Check Pods Manifest.lock";
			outputPaths = (
				"$(DERIVED_FILE_DIR)/Pods-GitHubSearch-GitHubSearchUserDetailsViewControllerTests-checkManifestLockResult.txt",
			);
			runOnlyForDeploymentPostprocessing = 0;
			shellPath = /bin/sh;
			shellScript = "diff \"${PODS_PODFILE_DIR_PATH}/Podfile.lock\" \"${PODS_ROOT}/Manifest.lock\" > /dev/null\nif [ $? != 0 ] ; then\n    # print error to STDERR\n    echo \"error: The sandbox is not in sync with the Podfile.lock. Run 'pod install' or update your CocoaPods installation.\" >&2\n    exit 1\nfi\n# This output is used by Xcode 'outputs' to avoid re-running this script phase.\necho \"SUCCESS\" > \"${SCRIPT_OUTPUT_FILE_0}\"\n";
			showEnvVarsInLog = 0;
		};
		B35A5F81102EDD1FC3F5AA5C /* [CP] Copy Pods Resources */ = {
			isa = PBXShellScriptBuildPhase;
			buildActionMask = 2147483647;
			files = (
			);
			inputPaths = (
			);
			name = "[CP] Copy Pods Resources";
			outputPaths = (
			);
			runOnlyForDeploymentPostprocessing = 0;
			shellPath = /bin/sh;
			shellScript = "\"${SRCROOT}/Pods/Target Support Files/Pods-GitHubSearch/Pods-GitHubSearch-resources.sh\"\n";
			showEnvVarsInLog = 0;
		};
		B50B6CFE439A391FF301596A /* [CP] Check Pods Manifest.lock */ = {
			isa = PBXShellScriptBuildPhase;
			buildActionMask = 2147483647;
			files = (
			);
			inputPaths = (
				"${PODS_PODFILE_DIR_PATH}/Podfile.lock",
				"${PODS_ROOT}/Manifest.lock",
			);
			name = "[CP] Check Pods Manifest.lock";
			outputPaths = (
				"$(DERIVED_FILE_DIR)/Pods-GitHubSearch-GitHubSearchViewControllerTests-checkManifestLockResult.txt",
			);
			runOnlyForDeploymentPostprocessing = 0;
			shellPath = /bin/sh;
			shellScript = "diff \"${PODS_PODFILE_DIR_PATH}/Podfile.lock\" \"${PODS_ROOT}/Manifest.lock\" > /dev/null\nif [ $? != 0 ] ; then\n    # print error to STDERR\n    echo \"error: The sandbox is not in sync with the Podfile.lock. Run 'pod install' or update your CocoaPods installation.\" >&2\n    exit 1\nfi\n# This output is used by Xcode 'outputs' to avoid re-running this script phase.\necho \"SUCCESS\" > \"${SCRIPT_OUTPUT_FILE_0}\"\n";
			showEnvVarsInLog = 0;
		};
		C543A07917A03AA5E37A2F9D /* [CP] Embed Pods Frameworks */ = {
			isa = PBXShellScriptBuildPhase;
			buildActionMask = 2147483647;
			files = (
			);
			inputPaths = (
				"${SRCROOT}/Pods/Target Support Files/Pods-GitHubSearch-GitHubSearchApiCallsTests/Pods-GitHubSearch-GitHubSearchApiCallsTests-frameworks.sh",
				"${BUILT_PRODUCTS_DIR}/Alamofire/Alamofire.framework",
				"${BUILT_PRODUCTS_DIR}/AlamofireImage/AlamofireImage.framework",
				"${BUILT_PRODUCTS_DIR}/AlamofireNetworkActivityIndicator/AlamofireNetworkActivityIndicator.framework",
				"${BUILT_PRODUCTS_DIR}/RxCocoa/RxCocoa.framework",
				"${BUILT_PRODUCTS_DIR}/RxSwift/RxSwift.framework",
				"${BUILT_PRODUCTS_DIR}/SnapKit/SnapKit.framework",
			);
			name = "[CP] Embed Pods Frameworks";
			outputPaths = (
				"${TARGET_BUILD_DIR}/${FRAMEWORKS_FOLDER_PATH}/Alamofire.framework",
				"${TARGET_BUILD_DIR}/${FRAMEWORKS_FOLDER_PATH}/AlamofireImage.framework",
				"${TARGET_BUILD_DIR}/${FRAMEWORKS_FOLDER_PATH}/AlamofireNetworkActivityIndicator.framework",
				"${TARGET_BUILD_DIR}/${FRAMEWORKS_FOLDER_PATH}/RxCocoa.framework",
				"${TARGET_BUILD_DIR}/${FRAMEWORKS_FOLDER_PATH}/RxSwift.framework",
				"${TARGET_BUILD_DIR}/${FRAMEWORKS_FOLDER_PATH}/SnapKit.framework",
			);
			runOnlyForDeploymentPostprocessing = 0;
			shellPath = /bin/sh;
			shellScript = "\"${SRCROOT}/Pods/Target Support Files/Pods-GitHubSearch-GitHubSearchApiCallsTests/Pods-GitHubSearch-GitHubSearchApiCallsTests-frameworks.sh\"\n";
			showEnvVarsInLog = 0;
		};
		C707328A7022EA610370E636 /* [CP] Embed Pods Frameworks */ = {
			isa = PBXShellScriptBuildPhase;
			buildActionMask = 2147483647;
			files = (
			);
			inputPaths = (
				"${SRCROOT}/Pods/Target Support Files/Pods-GitHubSearch-GitHubSearchViewControllerTests/Pods-GitHubSearch-GitHubSearchViewControllerTests-frameworks.sh",
				"${BUILT_PRODUCTS_DIR}/Alamofire/Alamofire.framework",
				"${BUILT_PRODUCTS_DIR}/AlamofireImage/AlamofireImage.framework",
				"${BUILT_PRODUCTS_DIR}/AlamofireNetworkActivityIndicator/AlamofireNetworkActivityIndicator.framework",
				"${BUILT_PRODUCTS_DIR}/RxCocoa/RxCocoa.framework",
				"${BUILT_PRODUCTS_DIR}/RxSwift/RxSwift.framework",
				"${BUILT_PRODUCTS_DIR}/SnapKit/SnapKit.framework",
			);
			name = "[CP] Embed Pods Frameworks";
			outputPaths = (
				"${TARGET_BUILD_DIR}/${FRAMEWORKS_FOLDER_PATH}/Alamofire.framework",
				"${TARGET_BUILD_DIR}/${FRAMEWORKS_FOLDER_PATH}/AlamofireImage.framework",
				"${TARGET_BUILD_DIR}/${FRAMEWORKS_FOLDER_PATH}/AlamofireNetworkActivityIndicator.framework",
				"${TARGET_BUILD_DIR}/${FRAMEWORKS_FOLDER_PATH}/RxCocoa.framework",
				"${TARGET_BUILD_DIR}/${FRAMEWORKS_FOLDER_PATH}/RxSwift.framework",
				"${TARGET_BUILD_DIR}/${FRAMEWORKS_FOLDER_PATH}/SnapKit.framework",
			);
			runOnlyForDeploymentPostprocessing = 0;
			shellPath = /bin/sh;
			shellScript = "\"${SRCROOT}/Pods/Target Support Files/Pods-GitHubSearch-GitHubSearchViewControllerTests/Pods-GitHubSearch-GitHubSearchViewControllerTests-frameworks.sh\"\n";
			showEnvVarsInLog = 0;
		};
		C7BE1165E0623141D08E9274 /* [CP] Check Pods Manifest.lock */ = {
			isa = PBXShellScriptBuildPhase;
			buildActionMask = 2147483647;
			files = (
			);
			inputPaths = (
				"${PODS_PODFILE_DIR_PATH}/Podfile.lock",
				"${PODS_ROOT}/Manifest.lock",
			);
			name = "[CP] Check Pods Manifest.lock";
			outputPaths = (
				"$(DERIVED_FILE_DIR)/Pods-GitHubSearch-GitHubSearchApiCallsTests-checkManifestLockResult.txt",
			);
			runOnlyForDeploymentPostprocessing = 0;
			shellPath = /bin/sh;
			shellScript = "diff \"${PODS_PODFILE_DIR_PATH}/Podfile.lock\" \"${PODS_ROOT}/Manifest.lock\" > /dev/null\nif [ $? != 0 ] ; then\n    # print error to STDERR\n    echo \"error: The sandbox is not in sync with the Podfile.lock. Run 'pod install' or update your CocoaPods installation.\" >&2\n    exit 1\nfi\n# This output is used by Xcode 'outputs' to avoid re-running this script phase.\necho \"SUCCESS\" > \"${SCRIPT_OUTPUT_FILE_0}\"\n";
			showEnvVarsInLog = 0;
		};
		E1F43B12341FA9A3BA2DC3C4 /* [CP] Copy Pods Resources */ = {
			isa = PBXShellScriptBuildPhase;
			buildActionMask = 2147483647;
			files = (
			);
			inputPaths = (
			);
			name = "[CP] Copy Pods Resources";
			outputPaths = (
			);
			runOnlyForDeploymentPostprocessing = 0;
			shellPath = /bin/sh;
			shellScript = "\"${SRCROOT}/Pods/Target Support Files/Pods-GitHubSearch-GitHubSearchApiCallsTests/Pods-GitHubSearch-GitHubSearchApiCallsTests-resources.sh\"\n";
			showEnvVarsInLog = 0;
		};
/* End PBXShellScriptBuildPhase section */

/* Begin PBXSourcesBuildPhase section */
		3BA97E752071706900B28154 /* Sources */ = {
			isa = PBXSourcesBuildPhase;
			buildActionMask = 2147483647;
			files = (
				3B88EC8820723B4400C6D621 /* TableViewEmptyView.swift in Sources */,
				3BA97EA92071719500B28154 /* TableViewCell.swift in Sources */,
				3BA97EA22071718E00B28154 /* NetworkManager.swift in Sources */,
				3BA97EB5207171A200B28154 /* UserDetailsViewModel.swift in Sources */,
				3BA97EB22071719F00B28154 /* TableViewViewModel.swift in Sources */,
				3BA97EC4207171B200B28154 /* ViewController.swift in Sources */,
				3BA97EC7207171B400B28154 /* UserDetailsViewController.swift in Sources */,
				3BA97E9F2071718900B28154 /* MockNetworkManager.swift in Sources */,
				3BA97EBE207171AC00B28154 /* UserDetails.swift in Sources */,
				3BA97EBB207171A800B28154 /* Repository.swift in Sources */,
				3BA97EA62071719200B28154 /* Endpoints.swift in Sources */,
				3BA97EC1207171AF00B28154 /* AppDelegate.swift in Sources */,
				3BA97EAC2071719800B28154 /* MockTableViewViewModel.swift in Sources */,
				3BA97E7C2071706900B28154 /* GitHubSearchApiCallsTests.swift in Sources */,
				3BA97EB8207171A500B28154 /* User.swift in Sources */,
				3BA97EB12071719C00B28154 /* MockUserDetailsViewModel.swift in Sources */,
			);
			runOnlyForDeploymentPostprocessing = 0;
		};
		3BA97E832071709500B28154 /* Sources */ = {
			isa = PBXSourcesBuildPhase;
			buildActionMask = 2147483647;
			files = (
				3B88EC8920723B4400C6D621 /* TableViewEmptyView.swift in Sources */,
				3BA97EAA2071719500B28154 /* TableViewCell.swift in Sources */,
				3BA97EA42071718F00B28154 /* NetworkManager.swift in Sources */,
				3BA97EB6207171A300B28154 /* UserDetailsViewModel.swift in Sources */,
				3BA97EB32071719F00B28154 /* TableViewViewModel.swift in Sources */,
				3BA97EC5207171B200B28154 /* ViewController.swift in Sources */,
				3BA97EC8207171B500B28154 /* UserDetailsViewController.swift in Sources */,
				3BA97EA02071718900B28154 /* MockNetworkManager.swift in Sources */,
				3BA97EBF207171AC00B28154 /* UserDetails.swift in Sources */,
				3BA97EBC207171A900B28154 /* Repository.swift in Sources */,
				3BA97EA72071719300B28154 /* Endpoints.swift in Sources */,
				3BA97EC2207171AF00B28154 /* AppDelegate.swift in Sources */,
				3BA97EAD2071719900B28154 /* MockTableViewViewModel.swift in Sources */,
				3BA97E8A2071709500B28154 /* GitHubSearchViewControllerTests.swift in Sources */,
				3BA97EB9207171A600B28154 /* User.swift in Sources */,
				3BA97EAF2071719C00B28154 /* MockUserDetailsViewModel.swift in Sources */,
			);
			runOnlyForDeploymentPostprocessing = 0;
		};
		3BA97E91207170B700B28154 /* Sources */ = {
			isa = PBXSourcesBuildPhase;
			buildActionMask = 2147483647;
			files = (
				3B88EC8A20723B4400C6D621 /* TableViewEmptyView.swift in Sources */,
				3BA97EAB2071719500B28154 /* TableViewCell.swift in Sources */,
				3BA97EA52071718F00B28154 /* NetworkManager.swift in Sources */,
				3BA97EB7207171A300B28154 /* UserDetailsViewModel.swift in Sources */,
				3BA97EB4207171A000B28154 /* TableViewViewModel.swift in Sources */,
				3BA97EC6207171B200B28154 /* ViewController.swift in Sources */,
				3BA97EC9207171B500B28154 /* UserDetailsViewController.swift in Sources */,
				3BA97EA12071718A00B28154 /* MockNetworkManager.swift in Sources */,
				3BA97EC0207171AD00B28154 /* UserDetails.swift in Sources */,
				3BA97EBD207171A900B28154 /* Repository.swift in Sources */,
				3BA97EA82071719300B28154 /* Endpoints.swift in Sources */,
				3BA97EC3207171B000B28154 /* AppDelegate.swift in Sources */,
				3BA97EAE2071719900B28154 /* MockTableViewViewModel.swift in Sources */,
				3BA97E98207170B700B28154 /* GitHubSearchUserDetailsViewControllerTests.swift in Sources */,
				3BA97EBA207171A600B28154 /* User.swift in Sources */,
				3BA97EB02071719C00B28154 /* MockUserDetailsViewModel.swift in Sources */,
			);
			runOnlyForDeploymentPostprocessing = 0;
		};
		3BC4CC20206E68F0000C1CCA /* Sources */ = {
			isa = PBXSourcesBuildPhase;
			buildActionMask = 2147483647;
			files = (
				3BB9B6CF206E8A54008431F2 /* TableViewViewModel.swift in Sources */,
				3BC4CC2A206E68F0000C1CCA /* ViewController.swift in Sources */,
				3B15F427206FDC28008BF1F2 /* UserDetailsViewModel.swift in Sources */,
				3BC4CC28206E68F0000C1CCA /* AppDelegate.swift in Sources */,
				3BB9B6D8206ECB6B008431F2 /* NetworkManager.swift in Sources */,
				3BB9B6D3206E8EC4008431F2 /* TableViewCell.swift in Sources */,
				3BA97E45207169DD00B28154 /* MockUserDetailsViewModel.swift in Sources */,
				3BA97E26207161DC00B28154 /* MockTableViewViewModel.swift in Sources */,
				3B88EC8720723B4400C6D621 /* TableViewEmptyView.swift in Sources */,
				3BA97E2120715A5D00B28154 /* MockNetworkManager.swift in Sources */,
				3BB9B6C9206E8905008431F2 /* User.swift in Sources */,
				3BB9B6DB206ECB81008431F2 /* Endpoints.swift in Sources */,
				3B15F42D206FE62A008BF1F2 /* UserDetailsViewController.swift in Sources */,
				3BB9B6CB206E8918008431F2 /* Repository.swift in Sources */,
				3B15F42A206FDF27008BF1F2 /* UserDetails.swift in Sources */,
			);
			runOnlyForDeploymentPostprocessing = 0;
		};
/* End PBXSourcesBuildPhase section */

/* Begin PBXTargetDependency section */
		3BA97E7F2071706900B28154 /* PBXTargetDependency */ = {
			isa = PBXTargetDependency;
			target = 3BC4CC23206E68F0000C1CCA /* GitHubSearch */;
			targetProxy = 3BA97E7E2071706900B28154 /* PBXContainerItemProxy */;
		};
		3BA97E8D2071709500B28154 /* PBXTargetDependency */ = {
			isa = PBXTargetDependency;
			target = 3BC4CC23206E68F0000C1CCA /* GitHubSearch */;
			targetProxy = 3BA97E8C2071709500B28154 /* PBXContainerItemProxy */;
		};
		3BA97E9B207170B700B28154 /* PBXTargetDependency */ = {
			isa = PBXTargetDependency;
			target = 3BC4CC23206E68F0000C1CCA /* GitHubSearch */;
			targetProxy = 3BA97E9A207170B700B28154 /* PBXContainerItemProxy */;
		};
/* End PBXTargetDependency section */

/* Begin XCBuildConfiguration section */
		3BA97E802071706900B28154 /* Debug */ = {
			isa = XCBuildConfiguration;
			baseConfigurationReference = 099EF849EA4BA0F3E8256FDD /* Pods-GitHubSearch-GitHubSearchApiCallsTests.debug.xcconfig */;
			buildSettings = {
				BUNDLE_LOADER = "$(TEST_HOST)";
				CODE_SIGN_STYLE = Automatic;
				DEVELOPMENT_TEAM = 7H85VVX9XT;
				INFOPLIST_FILE = GitHubSearchApiCallsTests/Info.plist;
				LD_RUNPATH_SEARCH_PATHS = "$(inherited) @executable_path/Frameworks @loader_path/Frameworks";
				PRODUCT_BUNDLE_IDENTIFIER = com.dontgonearthecastle.GitHubSearchApiCallsTests;
				PRODUCT_NAME = "$(TARGET_NAME)";
				SWIFT_VERSION = 4.0;
				TARGETED_DEVICE_FAMILY = "1,2";
				TEST_HOST = "$(BUILT_PRODUCTS_DIR)/GitHubSearch.app/GitHubSearch";
			};
			name = Debug;
		};
		3BA97E812071706900B28154 /* Release */ = {
			isa = XCBuildConfiguration;
			baseConfigurationReference = 349BADDD57367790537628CE /* Pods-GitHubSearch-GitHubSearchApiCallsTests.release.xcconfig */;
			buildSettings = {
				BUNDLE_LOADER = "$(TEST_HOST)";
				CODE_SIGN_STYLE = Automatic;
				DEVELOPMENT_TEAM = 7H85VVX9XT;
				INFOPLIST_FILE = GitHubSearchApiCallsTests/Info.plist;
				LD_RUNPATH_SEARCH_PATHS = "$(inherited) @executable_path/Frameworks @loader_path/Frameworks";
				PRODUCT_BUNDLE_IDENTIFIER = com.dontgonearthecastle.GitHubSearchApiCallsTests;
				PRODUCT_NAME = "$(TARGET_NAME)";
				SWIFT_VERSION = 4.0;
				TARGETED_DEVICE_FAMILY = "1,2";
				TEST_HOST = "$(BUILT_PRODUCTS_DIR)/GitHubSearch.app/GitHubSearch";
			};
			name = Release;
		};
		3BA97E8F2071709500B28154 /* Debug */ = {
			isa = XCBuildConfiguration;
			baseConfigurationReference = 02F844EC31C880A681D4D8DF /* Pods-GitHubSearch-GitHubSearchViewControllerTests.debug.xcconfig */;
			buildSettings = {
				BUNDLE_LOADER = "$(TEST_HOST)";
				CODE_SIGN_STYLE = Automatic;
				DEVELOPMENT_TEAM = 7H85VVX9XT;
				INFOPLIST_FILE = GitHubSearchViewControllerTests/Info.plist;
				LD_RUNPATH_SEARCH_PATHS = "$(inherited) @executable_path/Frameworks @loader_path/Frameworks";
				PRODUCT_BUNDLE_IDENTIFIER = com.dontgonearthecastle.GitHubSearchViewControllerTests;
				PRODUCT_NAME = "$(TARGET_NAME)";
				SWIFT_VERSION = 4.0;
				TARGETED_DEVICE_FAMILY = "1,2";
				TEST_HOST = "$(BUILT_PRODUCTS_DIR)/GitHubSearch.app/GitHubSearch";
			};
			name = Debug;
		};
		3BA97E902071709500B28154 /* Release */ = {
			isa = XCBuildConfiguration;
			baseConfigurationReference = 79314DC820D04AF0C3ED5E02 /* Pods-GitHubSearch-GitHubSearchViewControllerTests.release.xcconfig */;
			buildSettings = {
				BUNDLE_LOADER = "$(TEST_HOST)";
				CODE_SIGN_STYLE = Automatic;
				DEVELOPMENT_TEAM = 7H85VVX9XT;
				INFOPLIST_FILE = GitHubSearchViewControllerTests/Info.plist;
				LD_RUNPATH_SEARCH_PATHS = "$(inherited) @executable_path/Frameworks @loader_path/Frameworks";
				PRODUCT_BUNDLE_IDENTIFIER = com.dontgonearthecastle.GitHubSearchViewControllerTests;
				PRODUCT_NAME = "$(TARGET_NAME)";
				SWIFT_VERSION = 4.0;
				TARGETED_DEVICE_FAMILY = "1,2";
				TEST_HOST = "$(BUILT_PRODUCTS_DIR)/GitHubSearch.app/GitHubSearch";
			};
			name = Release;
		};
		3BA97E9D207170B700B28154 /* Debug */ = {
			isa = XCBuildConfiguration;
			baseConfigurationReference = 2333D0FDFF7DD36473736164 /* Pods-GitHubSearch-GitHubSearchUserDetailsViewControllerTests.debug.xcconfig */;
			buildSettings = {
				BUNDLE_LOADER = "$(TEST_HOST)";
				CODE_SIGN_STYLE = Automatic;
				DEVELOPMENT_TEAM = 7H85VVX9XT;
				INFOPLIST_FILE = GitHubSearchUserDetailsViewControllerTests/Info.plist;
				LD_RUNPATH_SEARCH_PATHS = "$(inherited) @executable_path/Frameworks @loader_path/Frameworks";
				PRODUCT_BUNDLE_IDENTIFIER = com.dontgonearthecastle.GitHubSearchUserDetailsViewControllerTests;
				PRODUCT_NAME = "$(TARGET_NAME)";
				SWIFT_VERSION = 4.0;
				TARGETED_DEVICE_FAMILY = "1,2";
				TEST_HOST = "$(BUILT_PRODUCTS_DIR)/GitHubSearch.app/GitHubSearch";
			};
			name = Debug;
		};
		3BA97E9E207170B700B28154 /* Release */ = {
			isa = XCBuildConfiguration;
			baseConfigurationReference = 301A4F3A6F8F5E3BE05D2F04 /* Pods-GitHubSearch-GitHubSearchUserDetailsViewControllerTests.release.xcconfig */;
			buildSettings = {
				BUNDLE_LOADER = "$(TEST_HOST)";
				CODE_SIGN_STYLE = Automatic;
				DEVELOPMENT_TEAM = 7H85VVX9XT;
				INFOPLIST_FILE = GitHubSearchUserDetailsViewControllerTests/Info.plist;
				LD_RUNPATH_SEARCH_PATHS = "$(inherited) @executable_path/Frameworks @loader_path/Frameworks";
				PRODUCT_BUNDLE_IDENTIFIER = com.dontgonearthecastle.GitHubSearchUserDetailsViewControllerTests;
				PRODUCT_NAME = "$(TARGET_NAME)";
				SWIFT_VERSION = 4.0;
				TARGETED_DEVICE_FAMILY = "1,2";
				TEST_HOST = "$(BUILT_PRODUCTS_DIR)/GitHubSearch.app/GitHubSearch";
			};
			name = Release;
		};
		3BC4CC3F206E68F1000C1CCA /* Debug */ = {
			isa = XCBuildConfiguration;
			buildSettings = {
				ALWAYS_SEARCH_USER_PATHS = NO;
				CLANG_ANALYZER_NONNULL = YES;
				CLANG_ANALYZER_NUMBER_OBJECT_CONVERSION = YES_AGGRESSIVE;
				CLANG_CXX_LANGUAGE_STANDARD = "gnu++14";
				CLANG_CXX_LIBRARY = "libc++";
				CLANG_ENABLE_MODULES = YES;
				CLANG_ENABLE_OBJC_ARC = YES;
				CLANG_WARN_BLOCK_CAPTURE_AUTORELEASING = YES;
				CLANG_WARN_BOOL_CONVERSION = YES;
				CLANG_WARN_COMMA = YES;
				CLANG_WARN_CONSTANT_CONVERSION = YES;
				CLANG_WARN_DIRECT_OBJC_ISA_USAGE = YES_ERROR;
				CLANG_WARN_DOCUMENTATION_COMMENTS = YES;
				CLANG_WARN_EMPTY_BODY = YES;
				CLANG_WARN_ENUM_CONVERSION = YES;
				CLANG_WARN_INFINITE_RECURSION = YES;
				CLANG_WARN_INT_CONVERSION = YES;
				CLANG_WARN_NON_LITERAL_NULL_CONVERSION = YES;
				CLANG_WARN_OBJC_LITERAL_CONVERSION = YES;
				CLANG_WARN_OBJC_ROOT_CLASS = YES_ERROR;
				CLANG_WARN_RANGE_LOOP_ANALYSIS = YES;
				CLANG_WARN_STRICT_PROTOTYPES = YES;
				CLANG_WARN_SUSPICIOUS_MOVE = YES;
				CLANG_WARN_UNGUARDED_AVAILABILITY = YES_AGGRESSIVE;
				CLANG_WARN_UNREACHABLE_CODE = YES;
				CLANG_WARN__DUPLICATE_METHOD_MATCH = YES;
				CODE_SIGN_IDENTITY = "iPhone Developer";
				COPY_PHASE_STRIP = NO;
				DEBUG_INFORMATION_FORMAT = dwarf;
				ENABLE_STRICT_OBJC_MSGSEND = YES;
				ENABLE_TESTABILITY = YES;
				GCC_C_LANGUAGE_STANDARD = gnu11;
				GCC_DYNAMIC_NO_PIC = NO;
				GCC_NO_COMMON_BLOCKS = YES;
				GCC_OPTIMIZATION_LEVEL = 0;
				GCC_PREPROCESSOR_DEFINITIONS = (
					"DEBUG=1",
					"$(inherited)",
				);
				GCC_WARN_64_TO_32_BIT_CONVERSION = YES;
				GCC_WARN_ABOUT_RETURN_TYPE = YES_ERROR;
				GCC_WARN_UNDECLARED_SELECTOR = YES;
				GCC_WARN_UNINITIALIZED_AUTOS = YES_AGGRESSIVE;
				GCC_WARN_UNUSED_FUNCTION = YES;
				GCC_WARN_UNUSED_VARIABLE = YES;
				IPHONEOS_DEPLOYMENT_TARGET = 11.2;
				MTL_ENABLE_DEBUG_INFO = YES;
				ONLY_ACTIVE_ARCH = YES;
				SDKROOT = iphoneos;
				SWIFT_ACTIVE_COMPILATION_CONDITIONS = DEBUG;
				SWIFT_OPTIMIZATION_LEVEL = "-Onone";
			};
			name = Debug;
		};
		3BC4CC40206E68F1000C1CCA /* Release */ = {
			isa = XCBuildConfiguration;
			buildSettings = {
				ALWAYS_SEARCH_USER_PATHS = NO;
				CLANG_ANALYZER_NONNULL = YES;
				CLANG_ANALYZER_NUMBER_OBJECT_CONVERSION = YES_AGGRESSIVE;
				CLANG_CXX_LANGUAGE_STANDARD = "gnu++14";
				CLANG_CXX_LIBRARY = "libc++";
				CLANG_ENABLE_MODULES = YES;
				CLANG_ENABLE_OBJC_ARC = YES;
				CLANG_WARN_BLOCK_CAPTURE_AUTORELEASING = YES;
				CLANG_WARN_BOOL_CONVERSION = YES;
				CLANG_WARN_COMMA = YES;
				CLANG_WARN_CONSTANT_CONVERSION = YES;
				CLANG_WARN_DIRECT_OBJC_ISA_USAGE = YES_ERROR;
				CLANG_WARN_DOCUMENTATION_COMMENTS = YES;
				CLANG_WARN_EMPTY_BODY = YES;
				CLANG_WARN_ENUM_CONVERSION = YES;
				CLANG_WARN_INFINITE_RECURSION = YES;
				CLANG_WARN_INT_CONVERSION = YES;
				CLANG_WARN_NON_LITERAL_NULL_CONVERSION = YES;
				CLANG_WARN_OBJC_LITERAL_CONVERSION = YES;
				CLANG_WARN_OBJC_ROOT_CLASS = YES_ERROR;
				CLANG_WARN_RANGE_LOOP_ANALYSIS = YES;
				CLANG_WARN_STRICT_PROTOTYPES = YES;
				CLANG_WARN_SUSPICIOUS_MOVE = YES;
				CLANG_WARN_UNGUARDED_AVAILABILITY = YES_AGGRESSIVE;
				CLANG_WARN_UNREACHABLE_CODE = YES;
				CLANG_WARN__DUPLICATE_METHOD_MATCH = YES;
				CODE_SIGN_IDENTITY = "iPhone Developer";
				COPY_PHASE_STRIP = NO;
				DEBUG_INFORMATION_FORMAT = "dwarf-with-dsym";
				ENABLE_NS_ASSERTIONS = NO;
				ENABLE_STRICT_OBJC_MSGSEND = YES;
				GCC_C_LANGUAGE_STANDARD = gnu11;
				GCC_NO_COMMON_BLOCKS = YES;
				GCC_WARN_64_TO_32_BIT_CONVERSION = YES;
				GCC_WARN_ABOUT_RETURN_TYPE = YES_ERROR;
				GCC_WARN_UNDECLARED_SELECTOR = YES;
				GCC_WARN_UNINITIALIZED_AUTOS = YES_AGGRESSIVE;
				GCC_WARN_UNUSED_FUNCTION = YES;
				GCC_WARN_UNUSED_VARIABLE = YES;
				IPHONEOS_DEPLOYMENT_TARGET = 11.2;
				MTL_ENABLE_DEBUG_INFO = NO;
				SDKROOT = iphoneos;
				SWIFT_OPTIMIZATION_LEVEL = "-Owholemodule";
				VALIDATE_PRODUCT = YES;
			};
			name = Release;
		};
		3BC4CC42206E68F1000C1CCA /* Debug */ = {
			isa = XCBuildConfiguration;
			baseConfigurationReference = B80D44A83B4AFEB934DD108F /* Pods-GitHubSearch.debug.xcconfig */;
			buildSettings = {
				ASSETCATALOG_COMPILER_APPICON_NAME = AppIcon;
				CODE_SIGN_STYLE = Automatic;
				DEVELOPMENT_TEAM = 7H85VVX9XT;
				INFOPLIST_FILE = GitHubSearch/Info.plist;
				LD_RUNPATH_SEARCH_PATHS = "$(inherited) @executable_path/Frameworks";
				PRODUCT_BUNDLE_IDENTIFIER = com.dontgonearthecastle.GitHubSearch;
				PRODUCT_NAME = "$(TARGET_NAME)";
				SWIFT_VERSION = 4.0;
				TARGETED_DEVICE_FAMILY = "1,2";
			};
			name = Debug;
		};
		3BC4CC43206E68F1000C1CCA /* Release */ = {
			isa = XCBuildConfiguration;
			baseConfigurationReference = C097E2225DB77D1338C6CB27 /* Pods-GitHubSearch.release.xcconfig */;
			buildSettings = {
				ASSETCATALOG_COMPILER_APPICON_NAME = AppIcon;
				CODE_SIGN_STYLE = Automatic;
				DEVELOPMENT_TEAM = 7H85VVX9XT;
				INFOPLIST_FILE = GitHubSearch/Info.plist;
				LD_RUNPATH_SEARCH_PATHS = "$(inherited) @executable_path/Frameworks";
				PRODUCT_BUNDLE_IDENTIFIER = com.dontgonearthecastle.GitHubSearch;
				PRODUCT_NAME = "$(TARGET_NAME)";
				SWIFT_VERSION = 4.0;
				TARGETED_DEVICE_FAMILY = "1,2";
			};
			name = Release;
		};
/* End XCBuildConfiguration section */

/* Begin XCConfigurationList section */
		3BA97E822071706900B28154 /* Build configuration list for PBXNativeTarget "GitHubSearchApiCallsTests" */ = {
			isa = XCConfigurationList;
			buildConfigurations = (
				3BA97E802071706900B28154 /* Debug */,
				3BA97E812071706900B28154 /* Release */,
			);
			defaultConfigurationIsVisible = 0;
			defaultConfigurationName = Release;
		};
		3BA97E8E2071709500B28154 /* Build configuration list for PBXNativeTarget "GitHubSearchViewControllerTests" */ = {
			isa = XCConfigurationList;
			buildConfigurations = (
				3BA97E8F2071709500B28154 /* Debug */,
				3BA97E902071709500B28154 /* Release */,
			);
			defaultConfigurationIsVisible = 0;
			defaultConfigurationName = Release;
		};
		3BA97E9C207170B700B28154 /* Build configuration list for PBXNativeTarget "GitHubSearchUserDetailsViewControllerTests" */ = {
			isa = XCConfigurationList;
			buildConfigurations = (
				3BA97E9D207170B700B28154 /* Debug */,
				3BA97E9E207170B700B28154 /* Release */,
			);
			defaultConfigurationIsVisible = 0;
			defaultConfigurationName = Release;
		};
		3BC4CC1F206E68F0000C1CCA /* Build configuration list for PBXProject "GitHubSearch" */ = {
			isa = XCConfigurationList;
			buildConfigurations = (
				3BC4CC3F206E68F1000C1CCA /* Debug */,
				3BC4CC40206E68F1000C1CCA /* Release */,
			);
			defaultConfigurationIsVisible = 0;
			defaultConfigurationName = Release;
		};
		3BC4CC41206E68F1000C1CCA /* Build configuration list for PBXNativeTarget "GitHubSearch" */ = {
			isa = XCConfigurationList;
			buildConfigurations = (
				3BC4CC42206E68F1000C1CCA /* Debug */,
				3BC4CC43206E68F1000C1CCA /* Release */,
			);
			defaultConfigurationIsVisible = 0;
			defaultConfigurationName = Release;
		};
/* End XCConfigurationList section */
	};
	rootObject = 3BC4CC1C206E68F0000C1CCA /* Project object */;
}
