// !$*UTF8*$!
{
	archiveVersion = 1;
	classes = {
	};
	objectVersion = 48;
	objects = {

/* Begin PBXBuildFile section */
		1878306A8641A411BE181BD2 /* Pods_GitHubSearch.framework in Frameworks */ = {isa = PBXBuildFile; fileRef = 8DEF0323CAFB035E8E567672 /* Pods_GitHubSearch.framework */; };
		3B15F427206FDC28008BF1F2 /* UserDetailsViewModel.swift in Sources */ = {isa = PBXBuildFile; fileRef = 3B15F426206FDC28008BF1F2 /* UserDetailsViewModel.swift */; };
		3B15F428206FDC28008BF1F2 /* UserDetailsViewModel.swift in Sources */ = {isa = PBXBuildFile; fileRef = 3B15F426206FDC28008BF1F2 /* UserDetailsViewModel.swift */; };
		3B15F42A206FDF27008BF1F2 /* UserDetails.swift in Sources */ = {isa = PBXBuildFile; fileRef = 3B15F429206FDF27008BF1F2 /* UserDetails.swift */; };
		3B15F42B206FDF27008BF1F2 /* UserDetails.swift in Sources */ = {isa = PBXBuildFile; fileRef = 3B15F429206FDF27008BF1F2 /* UserDetails.swift */; };
		3B15F42D206FE62A008BF1F2 /* UserDetailsViewController.swift in Sources */ = {isa = PBXBuildFile; fileRef = 3B15F42C206FE62A008BF1F2 /* UserDetailsViewController.swift */; };
		3B15F42E206FE62A008BF1F2 /* UserDetailsViewController.swift in Sources */ = {isa = PBXBuildFile; fileRef = 3B15F42C206FE62A008BF1F2 /* UserDetailsViewController.swift */; };
		3BB9B6C9206E8905008431F2 /* User.swift in Sources */ = {isa = PBXBuildFile; fileRef = 3BB9B6C8206E8905008431F2 /* User.swift */; };
		3BB9B6CB206E8918008431F2 /* Repository.swift in Sources */ = {isa = PBXBuildFile; fileRef = 3BB9B6CA206E8918008431F2 /* Repository.swift */; };
		3BB9B6CC206E8918008431F2 /* Repository.swift in Sources */ = {isa = PBXBuildFile; fileRef = 3BB9B6CA206E8918008431F2 /* Repository.swift */; };
		3BB9B6CD206E891B008431F2 /* User.swift in Sources */ = {isa = PBXBuildFile; fileRef = 3BB9B6C8206E8905008431F2 /* User.swift */; };
		3BB9B6CF206E8A54008431F2 /* TableViewViewModel.swift in Sources */ = {isa = PBXBuildFile; fileRef = 3BB9B6CE206E8A54008431F2 /* TableViewViewModel.swift */; };
		3BB9B6D0206E8A54008431F2 /* TableViewViewModel.swift in Sources */ = {isa = PBXBuildFile; fileRef = 3BB9B6CE206E8A54008431F2 /* TableViewViewModel.swift */; };
		3BB9B6D3206E8EC4008431F2 /* TableViewCell.swift in Sources */ = {isa = PBXBuildFile; fileRef = 3BB9B6D2206E8EC4008431F2 /* TableViewCell.swift */; };
		3BB9B6D4206E8EC4008431F2 /* TableViewCell.swift in Sources */ = {isa = PBXBuildFile; fileRef = 3BB9B6D2206E8EC4008431F2 /* TableViewCell.swift */; };
		3BB9B6D8206ECB6B008431F2 /* NetworkManager.swift in Sources */ = {isa = PBXBuildFile; fileRef = 3BB9B6D7206ECB6B008431F2 /* NetworkManager.swift */; };
		3BB9B6D9206ECB6B008431F2 /* NetworkManager.swift in Sources */ = {isa = PBXBuildFile; fileRef = 3BB9B6D7206ECB6B008431F2 /* NetworkManager.swift */; };
		3BB9B6DB206ECB81008431F2 /* Endpoints.swift in Sources */ = {isa = PBXBuildFile; fileRef = 3BB9B6DA206ECB81008431F2 /* Endpoints.swift */; };
		3BB9B6DC206ECB81008431F2 /* Endpoints.swift in Sources */ = {isa = PBXBuildFile; fileRef = 3BB9B6DA206ECB81008431F2 /* Endpoints.swift */; };
		3BC4CC28206E68F0000C1CCA /* AppDelegate.swift in Sources */ = {isa = PBXBuildFile; fileRef = 3BC4CC27206E68F0000C1CCA /* AppDelegate.swift */; };
		3BC4CC2A206E68F0000C1CCA /* ViewController.swift in Sources */ = {isa = PBXBuildFile; fileRef = 3BC4CC29206E68F0000C1CCA /* ViewController.swift */; };
		3BC4CC2F206E68F0000C1CCA /* Assets.xcassets in Resources */ = {isa = PBXBuildFile; fileRef = 3BC4CC2E206E68F0000C1CCA /* Assets.xcassets */; };
		3BC4CC3D206E68F1000C1CCA /* GitHubSearchTests.swift in Sources */ = {isa = PBXBuildFile; fileRef = 3BC4CC3C206E68F1000C1CCA /* GitHubSearchTests.swift */; };
/* End PBXBuildFile section */

/* Begin PBXContainerItemProxy section */
		3BC4CC39206E68F1000C1CCA /* PBXContainerItemProxy */ = {
			isa = PBXContainerItemProxy;
			containerPortal = 3BC4CC1C206E68F0000C1CCA /* Project object */;
			proxyType = 1;
			remoteGlobalIDString = 3BC4CC23206E68F0000C1CCA;
			remoteInfo = GitHubSearch;
		};
/* End PBXContainerItemProxy section */

/* Begin PBXFileReference section */
		3B15F426206FDC28008BF1F2 /* UserDetailsViewModel.swift */ = {isa = PBXFileReference; lastKnownFileType = sourcecode.swift; path = UserDetailsViewModel.swift; sourceTree = "<group>"; };
		3B15F429206FDF27008BF1F2 /* UserDetails.swift */ = {isa = PBXFileReference; lastKnownFileType = sourcecode.swift; path = UserDetails.swift; sourceTree = "<group>"; };
		3B15F42C206FE62A008BF1F2 /* UserDetailsViewController.swift */ = {isa = PBXFileReference; lastKnownFileType = sourcecode.swift; path = UserDetailsViewController.swift; sourceTree = "<group>"; };
		3BB9B6C8206E8905008431F2 /* User.swift */ = {isa = PBXFileReference; lastKnownFileType = sourcecode.swift; path = User.swift; sourceTree = "<group>"; };
		3BB9B6CA206E8918008431F2 /* Repository.swift */ = {isa = PBXFileReference; lastKnownFileType = sourcecode.swift; path = Repository.swift; sourceTree = "<group>"; };
		3BB9B6CE206E8A54008431F2 /* TableViewViewModel.swift */ = {isa = PBXFileReference; lastKnownFileType = sourcecode.swift; path = TableViewViewModel.swift; sourceTree = "<group>"; };
		3BB9B6D2206E8EC4008431F2 /* TableViewCell.swift */ = {isa = PBXFileReference; lastKnownFileType = sourcecode.swift; path = TableViewCell.swift; sourceTree = "<group>"; };
		3BB9B6D7206ECB6B008431F2 /* NetworkManager.swift */ = {isa = PBXFileReference; lastKnownFileType = sourcecode.swift; path = NetworkManager.swift; sourceTree = "<group>"; };
		3BB9B6DA206ECB81008431F2 /* Endpoints.swift */ = {isa = PBXFileReference; lastKnownFileType = sourcecode.swift; path = Endpoints.swift; sourceTree = "<group>"; };
		3BC4CC24206E68F0000C1CCA /* GitHubSearch.app */ = {isa = PBXFileReference; explicitFileType = wrapper.application; includeInIndex = 0; path = GitHubSearch.app; sourceTree = BUILT_PRODUCTS_DIR; };
		3BC4CC27206E68F0000C1CCA /* AppDelegate.swift */ = {isa = PBXFileReference; lastKnownFileType = sourcecode.swift; path = AppDelegate.swift; sourceTree = "<group>"; };
		3BC4CC29206E68F0000C1CCA /* ViewController.swift */ = {isa = PBXFileReference; lastKnownFileType = sourcecode.swift; path = ViewController.swift; sourceTree = "<group>"; };
		3BC4CC2E206E68F0000C1CCA /* Assets.xcassets */ = {isa = PBXFileReference; lastKnownFileType = folder.assetcatalog; path = Assets.xcassets; sourceTree = "<group>"; };
		3BC4CC33206E68F0000C1CCA /* Info.plist */ = {isa = PBXFileReference; lastKnownFileType = text.plist.xml; path = Info.plist; sourceTree = "<group>"; };
		3BC4CC38206E68F1000C1CCA /* GitHubSearchTests.xctest */ = {isa = PBXFileReference; explicitFileType = wrapper.cfbundle; includeInIndex = 0; path = GitHubSearchTests.xctest; sourceTree = BUILT_PRODUCTS_DIR; };
		3BC4CC3C206E68F1000C1CCA /* GitHubSearchTests.swift */ = {isa = PBXFileReference; lastKnownFileType = sourcecode.swift; path = GitHubSearchTests.swift; sourceTree = "<group>"; };
		3BC4CC3E206E68F1000C1CCA /* Info.plist */ = {isa = PBXFileReference; lastKnownFileType = text.plist.xml; path = Info.plist; sourceTree = "<group>"; };
		8DEF0323CAFB035E8E567672 /* Pods_GitHubSearch.framework */ = {isa = PBXFileReference; explicitFileType = wrapper.framework; includeInIndex = 0; path = Pods_GitHubSearch.framework; sourceTree = BUILT_PRODUCTS_DIR; };
		B80D44A83B4AFEB934DD108F /* Pods-GitHubSearch.debug.xcconfig */ = {isa = PBXFileReference; includeInIndex = 1; lastKnownFileType = text.xcconfig; name = "Pods-GitHubSearch.debug.xcconfig"; path = "Pods/Target Support Files/Pods-GitHubSearch/Pods-GitHubSearch.debug.xcconfig"; sourceTree = "<group>"; };
		C097E2225DB77D1338C6CB27 /* Pods-GitHubSearch.release.xcconfig */ = {isa = PBXFileReference; includeInIndex = 1; lastKnownFileType = text.xcconfig; name = "Pods-GitHubSearch.release.xcconfig"; path = "Pods/Target Support Files/Pods-GitHubSearch/Pods-GitHubSearch.release.xcconfig"; sourceTree = "<group>"; };
/* End PBXFileReference section */

/* Begin PBXFrameworksBuildPhase section */
		3BC4CC21206E68F0000C1CCA /* Frameworks */ = {
			isa = PBXFrameworksBuildPhase;
			buildActionMask = 2147483647;
			files = (
				1878306A8641A411BE181BD2 /* Pods_GitHubSearch.framework in Frameworks */,
			);
			runOnlyForDeploymentPostprocessing = 0;
		};
		3BC4CC35206E68F1000C1CCA /* Frameworks */ = {
			isa = PBXFrameworksBuildPhase;
			buildActionMask = 2147483647;
			files = (
			);
			runOnlyForDeploymentPostprocessing = 0;
		};
/* End PBXFrameworksBuildPhase section */

/* Begin PBXGroup section */
		2D04282AFEBB8B8BF3D10CBF /* Pods */ = {
			isa = PBXGroup;
			children = (
				B80D44A83B4AFEB934DD108F /* Pods-GitHubSearch.debug.xcconfig */,
				C097E2225DB77D1338C6CB27 /* Pods-GitHubSearch.release.xcconfig */,
			);
			name = Pods;
			sourceTree = "<group>";
		};
		3BB9B6C4206E88C4008431F2 /* Models */ = {
			isa = PBXGroup;
			children = (
				3BB9B6C8206E8905008431F2 /* User.swift */,
				3BB9B6CA206E8918008431F2 /* Repository.swift */,
				3B15F429206FDF27008BF1F2 /* UserDetails.swift */,
			);
			path = Models;
			sourceTree = "<group>";
		};
		3BB9B6C5206E88CC008431F2 /* ViewModels */ = {
			isa = PBXGroup;
			children = (
				3BB9B6CE206E8A54008431F2 /* TableViewViewModel.swift */,
				3B15F426206FDC28008BF1F2 /* UserDetailsViewModel.swift */,
			);
			path = ViewModels;
			sourceTree = "<group>";
		};
		3BB9B6D1206E8EAA008431F2 /* Cells */ = {
			isa = PBXGroup;
			children = (
				3BB9B6D2206E8EC4008431F2 /* TableViewCell.swift */,
			);
			path = Cells;
			sourceTree = "<group>";
		};
		3BB9B6D6206ECB4F008431F2 /* Networking */ = {
			isa = PBXGroup;
			children = (
				3BB9B6D7206ECB6B008431F2 /* NetworkManager.swift */,
				3BB9B6DA206ECB81008431F2 /* Endpoints.swift */,
			);
			path = Networking;
			sourceTree = "<group>";
		};
		3BC4CC1B206E68F0000C1CCA = {
			isa = PBXGroup;
			children = (
				3BC4CC26206E68F0000C1CCA /* GitHubSearch */,
				3BC4CC3B206E68F1000C1CCA /* GitHubSearchTests */,
				3BC4CC25206E68F0000C1CCA /* Products */,
				2D04282AFEBB8B8BF3D10CBF /* Pods */,
				D9BC19DAF08E57BA3053D396 /* Frameworks */,
			);
			sourceTree = "<group>";
		};
		3BC4CC25206E68F0000C1CCA /* Products */ = {
			isa = PBXGroup;
			children = (
				3BC4CC24206E68F0000C1CCA /* GitHubSearch.app */,
				3BC4CC38206E68F1000C1CCA /* GitHubSearchTests.xctest */,
			);
			name = Products;
			sourceTree = "<group>";
		};
		3BC4CC26206E68F0000C1CCA /* GitHubSearch */ = {
			isa = PBXGroup;
			children = (
				3BB9B6D6206ECB4F008431F2 /* Networking */,
				3BB9B6D1206E8EAA008431F2 /* Cells */,
				3BB9B6C5206E88CC008431F2 /* ViewModels */,
				3BB9B6C4206E88C4008431F2 /* Models */,
				3BC4CC27206E68F0000C1CCA /* AppDelegate.swift */,
				3BC4CC29206E68F0000C1CCA /* ViewController.swift */,
				3BC4CC2E206E68F0000C1CCA /* Assets.xcassets */,
				3BC4CC33206E68F0000C1CCA /* Info.plist */,
				3B15F42C206FE62A008BF1F2 /* UserDetailsViewController.swift */,
			);
			path = GitHubSearch;
			sourceTree = "<group>";
		};
		3BC4CC3B206E68F1000C1CCA /* GitHubSearchTests */ = {
			isa = PBXGroup;
			children = (
				3BC4CC3C206E68F1000C1CCA /* GitHubSearchTests.swift */,
				3BC4CC3E206E68F1000C1CCA /* Info.plist */,
			);
			path = GitHubSearchTests;
			sourceTree = "<group>";
		};
		D9BC19DAF08E57BA3053D396 /* Frameworks */ = {
			isa = PBXGroup;
			children = (
				8DEF0323CAFB035E8E567672 /* Pods_GitHubSearch.framework */,
			);
			name = Frameworks;
			sourceTree = "<group>";
		};
/* End PBXGroup section */

/* Begin PBXNativeTarget section */
		3BC4CC23206E68F0000C1CCA /* GitHubSearch */ = {
			isa = PBXNativeTarget;
			buildConfigurationList = 3BC4CC41206E68F1000C1CCA /* Build configuration list for PBXNativeTarget "GitHubSearch" */;
			buildPhases = (
				515EC2177568254A1B2DFBD7 /* [CP] Check Pods Manifest.lock */,
				3BC4CC20206E68F0000C1CCA /* Sources */,
				3BC4CC21206E68F0000C1CCA /* Frameworks */,
				3BC4CC22206E68F0000C1CCA /* Resources */,
				3EE3946E9630588DE7975B7D /* [CP] Embed Pods Frameworks */,
				B35A5F81102EDD1FC3F5AA5C /* [CP] Copy Pods Resources */,
			);
			buildRules = (
			);
			dependencies = (
			);
			name = GitHubSearch;
			productName = GitHubSearch;
			productReference = 3BC4CC24206E68F0000C1CCA /* GitHubSearch.app */;
			productType = "com.apple.product-type.application";
		};
		3BC4CC37206E68F1000C1CCA /* GitHubSearchTests */ = {
			isa = PBXNativeTarget;
			buildConfigurationList = 3BC4CC44206E68F1000C1CCA /* Build configuration list for PBXNativeTarget "GitHubSearchTests" */;
			buildPhases = (
				3BC4CC34206E68F1000C1CCA /* Sources */,
				3BC4CC35206E68F1000C1CCA /* Frameworks */,
				3BC4CC36206E68F1000C1CCA /* Resources */,
			);
			buildRules = (
			);
			dependencies = (
				3BC4CC3A206E68F1000C1CCA /* PBXTargetDependency */,
			);
			name = GitHubSearchTests;
			productName = GitHubSearchTests;
			productReference = 3BC4CC38206E68F1000C1CCA /* GitHubSearchTests.xctest */;
			productType = "com.apple.product-type.bundle.unit-test";
		};
/* End PBXNativeTarget section */

/* Begin PBXProject section */
		3BC4CC1C206E68F0000C1CCA /* Project object */ = {
			isa = PBXProject;
			attributes = {
				LastSwiftUpdateCheck = 0920;
				LastUpgradeCheck = 0920;
				ORGANIZATIONNAME = dontgonearthecastle;
				TargetAttributes = {
					3BC4CC23206E68F0000C1CCA = {
						CreatedOnToolsVersion = 9.2;
						ProvisioningStyle = Automatic;
					};
					3BC4CC37206E68F1000C1CCA = {
						CreatedOnToolsVersion = 9.2;
						ProvisioningStyle = Automatic;
						TestTargetID = 3BC4CC23206E68F0000C1CCA;
					};
				};
			};
			buildConfigurationList = 3BC4CC1F206E68F0000C1CCA /* Build configuration list for PBXProject "GitHubSearch" */;
			compatibilityVersion = "Xcode 8.0";
			developmentRegion = en;
			hasScannedForEncodings = 0;
			knownRegions = (
				en,
				Base,
			);
			mainGroup = 3BC4CC1B206E68F0000C1CCA;
			productRefGroup = 3BC4CC25206E68F0000C1CCA /* Products */;
			projectDirPath = "";
			projectRoot = "";
			targets = (
				3BC4CC23206E68F0000C1CCA /* GitHubSearch */,
				3BC4CC37206E68F1000C1CCA /* GitHubSearchTests */,
			);
		};
/* End PBXProject section */

/* Begin PBXResourcesBuildPhase section */
		3BC4CC22206E68F0000C1CCA /* Resources */ = {
			isa = PBXResourcesBuildPhase;
			buildActionMask = 2147483647;
			files = (
				3BC4CC2F206E68F0000C1CCA /* Assets.xcassets in Resources */,
			);
			runOnlyForDeploymentPostprocessing = 0;
		};
		3BC4CC36206E68F1000C1CCA /* Resources */ = {
			isa = PBXResourcesBuildPhase;
			buildActionMask = 2147483647;
			files = (
			);
			runOnlyForDeploymentPostprocessing = 0;
		};
/* End PBXResourcesBuildPhase section */

/* Begin PBXShellScriptBuildPhase section */
		3EE3946E9630588DE7975B7D /* [CP] Embed Pods Frameworks */ = {
			isa = PBXShellScriptBuildPhase;
			buildActionMask = 2147483647;
			files = (
			);
			inputPaths = (
				"${SRCROOT}/Pods/Target Support Files/Pods-GitHubSearch/Pods-GitHubSearch-frameworks.sh",
				"${BUILT_PRODUCTS_DIR}/Alamofire/Alamofire.framework",
				"${BUILT_PRODUCTS_DIR}/AlamofireImage/AlamofireImage.framework",
				"${BUILT_PRODUCTS_DIR}/RxCocoa/RxCocoa.framework",
				"${BUILT_PRODUCTS_DIR}/RxSwift/RxSwift.framework",
				"${BUILT_PRODUCTS_DIR}/SnapKit/SnapKit.framework",
			);
			name = "[CP] Embed Pods Frameworks";
			outputPaths = (
				"${TARGET_BUILD_DIR}/${FRAMEWORKS_FOLDER_PATH}/Alamofire.framework",
				"${TARGET_BUILD_DIR}/${FRAMEWORKS_FOLDER_PATH}/AlamofireImage.framework",
				"${TARGET_BUILD_DIR}/${FRAMEWORKS_FOLDER_PATH}/RxCocoa.framework",
				"${TARGET_BUILD_DIR}/${FRAMEWORKS_FOLDER_PATH}/RxSwift.framework",
				"${TARGET_BUILD_DIR}/${FRAMEWORKS_FOLDER_PATH}/SnapKit.framework",
			);
			runOnlyForDeploymentPostprocessing = 0;
			shellPath = /bin/sh;
			shellScript = "\"${SRCROOT}/Pods/Target Support Files/Pods-GitHubSearch/Pods-GitHubSearch-frameworks.sh\"\n";
			showEnvVarsInLog = 0;
		};
		515EC2177568254A1B2DFBD7 /* [CP] Check Pods Manifest.lock */ = {
			isa = PBXShellScriptBuildPhase;
			buildActionMask = 2147483647;
			files = (
			);
			inputPaths = (
				"${PODS_PODFILE_DIR_PATH}/Podfile.lock",
				"${PODS_ROOT}/Manifest.lock",
			);
			name = "[CP] Check Pods Manifest.lock";
			outputPaths = (
				"$(DERIVED_FILE_DIR)/Pods-GitHubSearch-checkManifestLockResult.txt",
			);
			runOnlyForDeploymentPostprocessing = 0;
			shellPath = /bin/sh;
			shellScript = "diff \"${PODS_PODFILE_DIR_PATH}/Podfile.lock\" \"${PODS_ROOT}/Manifest.lock\" > /dev/null\nif [ $? != 0 ] ; then\n    # print error to STDERR\n    echo \"error: The sandbox is not in sync with the Podfile.lock. Run 'pod install' or update your CocoaPods installation.\" >&2\n    exit 1\nfi\n# This output is used by Xcode 'outputs' to avoid re-running this script phase.\necho \"SUCCESS\" > \"${SCRIPT_OUTPUT_FILE_0}\"\n";
			showEnvVarsInLog = 0;
		};
		B35A5F81102EDD1FC3F5AA5C /* [CP] Copy Pods Resources */ = {
			isa = PBXShellScriptBuildPhase;
			buildActionMask = 2147483647;
			files = (
			);
			inputPaths = (
			);
			name = "[CP] Copy Pods Resources";
			outputPaths = (
			);
			runOnlyForDeploymentPostprocessing = 0;
			shellPath = /bin/sh;
			shellScript = "\"${SRCROOT}/Pods/Target Support Files/Pods-GitHubSearch/Pods-GitHubSearch-resources.sh\"\n";
			showEnvVarsInLog = 0;
		};
/* End PBXShellScriptBuildPhase section */

/* Begin PBXSourcesBuildPhase section */
		3BC4CC20206E68F0000C1CCA /* Sources */ = {
			isa = PBXSourcesBuildPhase;
			buildActionMask = 2147483647;
			files = (
				3BB9B6CF206E8A54008431F2 /* TableViewViewModel.swift in Sources */,
				3BC4CC2A206E68F0000C1CCA /* ViewController.swift in Sources */,
				3B15F427206FDC28008BF1F2 /* UserDetailsViewModel.swift in Sources */,
				3BC4CC28206E68F0000C1CCA /* AppDelegate.swift in Sources */,
				3BB9B6D8206ECB6B008431F2 /* NetworkManager.swift in Sources */,
				3BB9B6D3206E8EC4008431F2 /* TableViewCell.swift in Sources */,
				3BB9B6C9206E8905008431F2 /* User.swift in Sources */,
				3BB9B6DB206ECB81008431F2 /* Endpoints.swift in Sources */,
				3B15F42D206FE62A008BF1F2 /* UserDetailsViewController.swift in Sources */,
				3BB9B6CB206E8918008431F2 /* Repository.swift in Sources */,
				3B15F42A206FDF27008BF1F2 /* UserDetails.swift in Sources */,
			);
			runOnlyForDeploymentPostprocessing = 0;
		};
		3BC4CC34206E68F1000C1CCA /* Sources */ = {
			isa = PBXSourcesBuildPhase;
			buildActionMask = 2147483647;
			files = (
				3B15F42E206FE62A008BF1F2 /* UserDetailsViewController.swift in Sources */,
				3BB9B6D9206ECB6B008431F2 /* NetworkManager.swift in Sources */,
				3BB9B6D4206E8EC4008431F2 /* TableViewCell.swift in Sources */,
				3B15F42B206FDF27008BF1F2 /* UserDetails.swift in Sources */,
				3BC4CC3D206E68F1000C1CCA /* GitHubSearchTests.swift in Sources */,
				3BB9B6DC206ECB81008431F2 /* Endpoints.swift in Sources */,
				3BB9B6CC206E8918008431F2 /* Repository.swift in Sources */,
				3BB9B6D0206E8A54008431F2 /* TableViewViewModel.swift in Sources */,
				3B15F428206FDC28008BF1F2 /* UserDetailsViewModel.swift in Sources */,
				3BB9B6CD206E891B008431F2 /* User.swift in Sources */,
			);
			runOnlyForDeploymentPostprocessing = 0;
		};
/* End PBXSourcesBuildPhase section */

/* Begin PBXTargetDependency section */
		3BC4CC3A206E68F1000C1CCA /* PBXTargetDependency */ = {
			isa = PBXTargetDependency;
			target = 3BC4CC23206E68F0000C1CCA /* GitHubSearch */;
			targetProxy = 3BC4CC39206E68F1000C1CCA /* PBXContainerItemProxy */;
		};
/* End PBXTargetDependency section */

/* Begin XCBuildConfiguration section */
		3BC4CC3F206E68F1000C1CCA /* Debug */ = {
			isa = XCBuildConfiguration;
			buildSettings = {
				ALWAYS_SEARCH_USER_PATHS = NO;
				CLANG_ANALYZER_NONNULL = YES;
				CLANG_ANALYZER_NUMBER_OBJECT_CONVERSION = YES_AGGRESSIVE;
				CLANG_CXX_LANGUAGE_STANDARD = "gnu++14";
				CLANG_CXX_LIBRARY = "libc++";
				CLANG_ENABLE_MODULES = YES;
				CLANG_ENABLE_OBJC_ARC = YES;
				CLANG_WARN_BLOCK_CAPTURE_AUTORELEASING = YES;
				CLANG_WARN_BOOL_CONVERSION = YES;
				CLANG_WARN_COMMA = YES;
				CLANG_WARN_CONSTANT_CONVERSION = YES;
				CLANG_WARN_DIRECT_OBJC_ISA_USAGE = YES_ERROR;
				CLANG_WARN_DOCUMENTATION_COMMENTS = YES;
				CLANG_WARN_EMPTY_BODY = YES;
				CLANG_WARN_ENUM_CONVERSION = YES;
				CLANG_WARN_INFINITE_RECURSION = YES;
				CLANG_WARN_INT_CONVERSION = YES;
				CLANG_WARN_NON_LITERAL_NULL_CONVERSION = YES;
				CLANG_WARN_OBJC_LITERAL_CONVERSION = YES;
				CLANG_WARN_OBJC_ROOT_CLASS = YES_ERROR;
				CLANG_WARN_RANGE_LOOP_ANALYSIS = YES;
				CLANG_WARN_STRICT_PROTOTYPES = YES;
				CLANG_WARN_SUSPICIOUS_MOVE = YES;
				CLANG_WARN_UNGUARDED_AVAILABILITY = YES_AGGRESSIVE;
				CLANG_WARN_UNREACHABLE_CODE = YES;
				CLANG_WARN__DUPLICATE_METHOD_MATCH = YES;
				CODE_SIGN_IDENTITY = "iPhone Developer";
				COPY_PHASE_STRIP = NO;
				DEBUG_INFORMATION_FORMAT = dwarf;
				ENABLE_STRICT_OBJC_MSGSEND = YES;
				ENABLE_TESTABILITY = YES;
				GCC_C_LANGUAGE_STANDARD = gnu11;
				GCC_DYNAMIC_NO_PIC = NO;
				GCC_NO_COMMON_BLOCKS = YES;
				GCC_OPTIMIZATION_LEVEL = 0;
				GCC_PREPROCESSOR_DEFINITIONS = (
					"DEBUG=1",
					"$(inherited)",
				);
				GCC_WARN_64_TO_32_BIT_CONVERSION = YES;
				GCC_WARN_ABOUT_RETURN_TYPE = YES_ERROR;
				GCC_WARN_UNDECLARED_SELECTOR = YES;
				GCC_WARN_UNINITIALIZED_AUTOS = YES_AGGRESSIVE;
				GCC_WARN_UNUSED_FUNCTION = YES;
				GCC_WARN_UNUSED_VARIABLE = YES;
				IPHONEOS_DEPLOYMENT_TARGET = 11.2;
				MTL_ENABLE_DEBUG_INFO = YES;
				ONLY_ACTIVE_ARCH = YES;
				SDKROOT = iphoneos;
				SWIFT_ACTIVE_COMPILATION_CONDITIONS = DEBUG;
				SWIFT_OPTIMIZATION_LEVEL = "-Onone";
			};
			name = Debug;
		};
		3BC4CC40206E68F1000C1CCA /* Release */ = {
			isa = XCBuildConfiguration;
			buildSettings = {
				ALWAYS_SEARCH_USER_PATHS = NO;
				CLANG_ANALYZER_NONNULL = YES;
				CLANG_ANALYZER_NUMBER_OBJECT_CONVERSION = YES_AGGRESSIVE;
				CLANG_CXX_LANGUAGE_STANDARD = "gnu++14";
				CLANG_CXX_LIBRARY = "libc++";
				CLANG_ENABLE_MODULES = YES;
				CLANG_ENABLE_OBJC_ARC = YES;
				CLANG_WARN_BLOCK_CAPTURE_AUTORELEASING = YES;
				CLANG_WARN_BOOL_CONVERSION = YES;
				CLANG_WARN_COMMA = YES;
				CLANG_WARN_CONSTANT_CONVERSION = YES;
				CLANG_WARN_DIRECT_OBJC_ISA_USAGE = YES_ERROR;
				CLANG_WARN_DOCUMENTATION_COMMENTS = YES;
				CLANG_WARN_EMPTY_BODY = YES;
				CLANG_WARN_ENUM_CONVERSION = YES;
				CLANG_WARN_INFINITE_RECURSION = YES;
				CLANG_WARN_INT_CONVERSION = YES;
				CLANG_WARN_NON_LITERAL_NULL_CONVERSION = YES;
				CLANG_WARN_OBJC_LITERAL_CONVERSION = YES;
				CLANG_WARN_OBJC_ROOT_CLASS = YES_ERROR;
				CLANG_WARN_RANGE_LOOP_ANALYSIS = YES;
				CLANG_WARN_STRICT_PROTOTYPES = YES;
				CLANG_WARN_SUSPICIOUS_MOVE = YES;
				CLANG_WARN_UNGUARDED_AVAILABILITY = YES_AGGRESSIVE;
				CLANG_WARN_UNREACHABLE_CODE = YES;
				CLANG_WARN__DUPLICATE_METHOD_MATCH = YES;
				CODE_SIGN_IDENTITY = "iPhone Developer";
				COPY_PHASE_STRIP = NO;
				DEBUG_INFORMATION_FORMAT = "dwarf-with-dsym";
				ENABLE_NS_ASSERTIONS = NO;
				ENABLE_STRICT_OBJC_MSGSEND = YES;
				GCC_C_LANGUAGE_STANDARD = gnu11;
				GCC_NO_COMMON_BLOCKS = YES;
				GCC_WARN_64_TO_32_BIT_CONVERSION = YES;
				GCC_WARN_ABOUT_RETURN_TYPE = YES_ERROR;
				GCC_WARN_UNDECLARED_SELECTOR = YES;
				GCC_WARN_UNINITIALIZED_AUTOS = YES_AGGRESSIVE;
				GCC_WARN_UNUSED_FUNCTION = YES;
				GCC_WARN_UNUSED_VARIABLE = YES;
				IPHONEOS_DEPLOYMENT_TARGET = 11.2;
				MTL_ENABLE_DEBUG_INFO = NO;
				SDKROOT = iphoneos;
				SWIFT_OPTIMIZATION_LEVEL = "-Owholemodule";
				VALIDATE_PRODUCT = YES;
			};
			name = Release;
		};
		3BC4CC42206E68F1000C1CCA /* Debug */ = {
			isa = XCBuildConfiguration;
			baseConfigurationReference = B80D44A83B4AFEB934DD108F /* Pods-GitHubSearch.debug.xcconfig */;
			buildSettings = {
				ASSETCATALOG_COMPILER_APPICON_NAME = AppIcon;
				CODE_SIGN_STYLE = Automatic;
				DEVELOPMENT_TEAM = 7H85VVX9XT;
				INFOPLIST_FILE = GitHubSearch/Info.plist;
				LD_RUNPATH_SEARCH_PATHS = "$(inherited) @executable_path/Frameworks";
				PRODUCT_BUNDLE_IDENTIFIER = com.dontgonearthecastle.GitHubSearch;
				PRODUCT_NAME = "$(TARGET_NAME)";
				SWIFT_VERSION = 4.0;
				TARGETED_DEVICE_FAMILY = "1,2";
			};
			name = Debug;
		};
		3BC4CC43206E68F1000C1CCA /* Release */ = {
			isa = XCBuildConfiguration;
			baseConfigurationReference = C097E2225DB77D1338C6CB27 /* Pods-GitHubSearch.release.xcconfig */;
			buildSettings = {
				ASSETCATALOG_COMPILER_APPICON_NAME = AppIcon;
				CODE_SIGN_STYLE = Automatic;
				DEVELOPMENT_TEAM = 7H85VVX9XT;
				INFOPLIST_FILE = GitHubSearch/Info.plist;
				LD_RUNPATH_SEARCH_PATHS = "$(inherited) @executable_path/Frameworks";
				PRODUCT_BUNDLE_IDENTIFIER = com.dontgonearthecastle.GitHubSearch;
				PRODUCT_NAME = "$(TARGET_NAME)";
				SWIFT_VERSION = 4.0;
				TARGETED_DEVICE_FAMILY = "1,2";
			};
			name = Release;
		};
		3BC4CC45206E68F1000C1CCA /* Debug */ = {
			isa = XCBuildConfiguration;
			buildSettings = {
				ALWAYS_EMBED_SWIFT_STANDARD_LIBRARIES = YES;
				BUNDLE_LOADER = "$(TEST_HOST)";
				CODE_SIGN_STYLE = Automatic;
				DEVELOPMENT_TEAM = 7H85VVX9XT;
				INFOPLIST_FILE = GitHubSearchTests/Info.plist;
				LD_RUNPATH_SEARCH_PATHS = "$(inherited) @executable_path/Frameworks @loader_path/Frameworks";
				PRODUCT_BUNDLE_IDENTIFIER = com.dontgonearthecastle.GitHubSearchTests;
				PRODUCT_NAME = "$(TARGET_NAME)";
				SWIFT_VERSION = 4.0;
				TARGETED_DEVICE_FAMILY = "1,2";
				TEST_HOST = "$(BUILT_PRODUCTS_DIR)/GitHubSearch.app/GitHubSearch";
			};
			name = Debug;
		};
		3BC4CC46206E68F1000C1CCA /* Release */ = {
			isa = XCBuildConfiguration;
			buildSettings = {
				ALWAYS_EMBED_SWIFT_STANDARD_LIBRARIES = YES;
				BUNDLE_LOADER = "$(TEST_HOST)";
				CODE_SIGN_STYLE = Automatic;
				DEVELOPMENT_TEAM = 7H85VVX9XT;
				INFOPLIST_FILE = GitHubSearchTests/Info.plist;
				LD_RUNPATH_SEARCH_PATHS = "$(inherited) @executable_path/Frameworks @loader_path/Frameworks";
				PRODUCT_BUNDLE_IDENTIFIER = com.dontgonearthecastle.GitHubSearchTests;
				PRODUCT_NAME = "$(TARGET_NAME)";
				SWIFT_VERSION = 4.0;
				TARGETED_DEVICE_FAMILY = "1,2";
				TEST_HOST = "$(BUILT_PRODUCTS_DIR)/GitHubSearch.app/GitHubSearch";
			};
			name = Release;
		};
/* End XCBuildConfiguration section */

/* Begin XCConfigurationList section */
		3BC4CC1F206E68F0000C1CCA /* Build configuration list for PBXProject "GitHubSearch" */ = {
			isa = XCConfigurationList;
			buildConfigurations = (
				3BC4CC3F206E68F1000C1CCA /* Debug */,
				3BC4CC40206E68F1000C1CCA /* Release */,
			);
			defaultConfigurationIsVisible = 0;
			defaultConfigurationName = Release;
		};
		3BC4CC41206E68F1000C1CCA /* Build configuration list for PBXNativeTarget "GitHubSearch" */ = {
			isa = XCConfigurationList;
			buildConfigurations = (
				3BC4CC42206E68F1000C1CCA /* Debug */,
				3BC4CC43206E68F1000C1CCA /* Release */,
			);
			defaultConfigurationIsVisible = 0;
			defaultConfigurationName = Release;
		};
		3BC4CC44206E68F1000C1CCA /* Build configuration list for PBXNativeTarget "GitHubSearchTests" */ = {
			isa = XCConfigurationList;
			buildConfigurations = (
				3BC4CC45206E68F1000C1CCA /* Debug */,
				3BC4CC46206E68F1000C1CCA /* Release */,
			);
			defaultConfigurationIsVisible = 0;
			defaultConfigurationName = Release;
		};
/* End XCConfigurationList section */
	};
	rootObject = 3BC4CC1C206E68F0000C1CCA /* Project object */;
}
